// !$*UTF8*$!
{
	archiveVersion = 1;
	classes = {
	};
	objectVersion = 46;
	objects = {

/* Begin PBXBuildFile section */
		42AB3D901D9ED78E00E42AEF /* allocate.cpp in Sources */ = {isa = PBXBuildFile; fileRef = 42AB3D051D9ED78E00E42AEF /* allocate.cpp */; };
		42AB3D911D9ED78E00E42AEF /* argon.cpp in Sources */ = {isa = PBXBuildFile; fileRef = 42AB3D081D9ED78E00E42AEF /* argon.cpp */; };
		42AB3D921D9ED78E00E42AEF /* bond.cpp in Sources */ = {isa = PBXBuildFile; fileRef = 42AB3D0C1D9ED78E00E42AEF /* bond.cpp */; };
		42AB3D931D9ED78E00E42AEF /* boundary_wca.cpp in Sources */ = {isa = PBXBuildFile; fileRef = 42AB3D0E1D9ED78E00E42AEF /* boundary_wca.cpp */; };
		42AB3D941D9ED78E00E42AEF /* boundary_wca_tip.cpp in Sources */ = {isa = PBXBuildFile; fileRef = 42AB3D101D9ED78E00E42AEF /* boundary_wca_tip.cpp */; };
		42AB3D951D9ED78E00E42AEF /* br_bead.cpp in Sources */ = {isa = PBXBuildFile; fileRef = 42AB3D121D9ED78E00E42AEF /* br_bead.cpp */; };
		42AB3D961D9ED78F00E42AEF /* br_dimer.cpp in Sources */ = {isa = PBXBuildFile; fileRef = 42AB3D141D9ED78E00E42AEF /* br_dimer.cpp */; };
		42AB3D971D9ED78F00E42AEF /* br_rod.cpp in Sources */ = {isa = PBXBuildFile; fileRef = 42AB3D161D9ED78E00E42AEF /* br_rod.cpp */; };
		42AB3D981D9ED78F00E42AEF /* br_simple_rod.cpp in Sources */ = {isa = PBXBuildFile; fileRef = 42AB3D181D9ED78E00E42AEF /* br_simple_rod.cpp */; };
		42AB3D991D9ED78F00E42AEF /* br_walker.cpp in Sources */ = {isa = PBXBuildFile; fileRef = 42AB3D1A1D9ED78E00E42AEF /* br_walker.cpp */; };
		42AB3D9B1D9ED78F00E42AEF /* cpu.cpp in Sources */ = {isa = PBXBuildFile; fileRef = 42AB3D1D1D9ED78E00E42AEF /* cpu.cpp */; };
		42AB3D9C1D9ED78F00E42AEF /* dynamic_instability.cpp in Sources */ = {isa = PBXBuildFile; fileRef = 42AB3D1E1D9ED78E00E42AEF /* dynamic_instability.cpp */; };
		42AB3D9D1D9ED78F00E42AEF /* error_exit.cpp in Sources */ = {isa = PBXBuildFile; fileRef = 42AB3D201D9ED78E00E42AEF /* error_exit.cpp */; };
		42AB3D9E1D9ED78F00E42AEF /* filament.cpp in Sources */ = {isa = PBXBuildFile; fileRef = 42AB3D211D9ED78E00E42AEF /* filament.cpp */; };
		42AB3D9F1D9ED78F00E42AEF /* generate_random_unit_vector.cpp in Sources */ = {isa = PBXBuildFile; fileRef = 42AB3D231D9ED78E00E42AEF /* generate_random_unit_vector.cpp */; };
		42AB3DA01D9ED78F00E42AEF /* grabber.cpp in Sources */ = {isa = PBXBuildFile; fileRef = 42AB3D241D9ED78E00E42AEF /* grabber.cpp */; };
		42AB3DA11D9ED78F00E42AEF /* graphics.cpp in Sources */ = {isa = PBXBuildFile; fileRef = 42AB3D261D9ED78E00E42AEF /* graphics.cpp */; };
		42AB3DA31D9ED78F00E42AEF /* interaction_engine.cpp in Sources */ = {isa = PBXBuildFile; fileRef = 42AB3D2F1D9ED78E00E42AEF /* interaction_engine.cpp */; };
		42AB3DA41D9ED78F00E42AEF /* kmc_engine.cpp in Sources */ = {isa = PBXBuildFile; fileRef = 42AB3D321D9ED78E00E42AEF /* kmc_engine.cpp */; };
		42AB3DA51D9ED78F00E42AEF /* lookup_table.cpp in Sources */ = {isa = PBXBuildFile; fileRef = 42AB3D351D9ED78E00E42AEF /* lookup_table.cpp */; };
		42AB3DA71D9ED78F00E42AEF /* md_bead.cpp in Sources */ = {isa = PBXBuildFile; fileRef = 42AB3D3A1D9ED78E00E42AEF /* md_bead.cpp */; };
		42AB3DA81D9ED78F00E42AEF /* md_bead_opt.cpp in Sources */ = {isa = PBXBuildFile; fileRef = 42AB3D3C1D9ED78E00E42AEF /* md_bead_opt.cpp */; };
		42AB3DA91D9ED78F00E42AEF /* md_kmc_bead.cpp in Sources */ = {isa = PBXBuildFile; fileRef = 42AB3D3E1D9ED78E00E42AEF /* md_kmc_bead.cpp */; };
		42AB3DAA1D9ED78F00E42AEF /* minimum_distance.cpp in Sources */ = {isa = PBXBuildFile; fileRef = 42AB3D401D9ED78E00E42AEF /* minimum_distance.cpp */; };
		42AB3DAB1D9ED78F00E42AEF /* neon.cpp in Sources */ = {isa = PBXBuildFile; fileRef = 42AB3D431D9ED78E00E42AEF /* neon.cpp */; };
		42AB3DAC1D9ED78F00E42AEF /* object.cpp in Sources */ = {isa = PBXBuildFile; fileRef = 42AB3D451D9ED78E00E42AEF /* object.cpp */; };
		42AB3DAD1D9ED78F00E42AEF /* output_manager.cpp in Sources */ = {isa = PBXBuildFile; fileRef = 42AB3D4A1D9ED78E00E42AEF /* output_manager.cpp */; };
		42AB3DAE1D9ED78F00E42AEF /* particle_tracking.cpp in Sources */ = {isa = PBXBuildFile; fileRef = 42AB3D521D9ED78E00E42AEF /* particle_tracking.cpp */; };
		42AB3DAF1D9ED78F00E42AEF /* potential_manager.cpp in Sources */ = {isa = PBXBuildFile; fileRef = 42AB3D551D9ED78E00E42AEF /* potential_manager.cpp */; };
		42AB3DB01D9ED78F00E42AEF /* simcore_main.cpp in Sources */ = {isa = PBXBuildFile; fileRef = 42AB3D581D9ED78E00E42AEF /* simcore_main.cpp */; };
		42AB3DB11D9ED78F00E42AEF /* simulation.cpp in Sources */ = {isa = PBXBuildFile; fileRef = 42AB3D591D9ED78E00E42AEF /* simulation.cpp */; };
		42AB3DB21D9ED78F00E42AEF /* simulation_manager.cpp in Sources */ = {isa = PBXBuildFile; fileRef = 42AB3D5C1D9ED78E00E42AEF /* simulation_manager.cpp */; };
		42AB3DB31D9ED78F00E42AEF /* site.cpp in Sources */ = {isa = PBXBuildFile; fileRef = 42AB3D5E1D9ED78E00E42AEF /* site.cpp */; };
		42AB3DB41D9ED78F00E42AEF /* space.cpp in Sources */ = {isa = PBXBuildFile; fileRef = 42AB3D601D9ED78E00E42AEF /* space.cpp */; };
		42AB3DB51D9ED78F00E42AEF /* sphero_overlap.cpp in Sources */ = {isa = PBXBuildFile; fileRef = 42AB3D651D9ED78E00E42AEF /* sphero_overlap.cpp */; };
		42AB3DB61D9ED78F00E42AEF /* spindle_pole_body.cpp in Sources */ = {isa = PBXBuildFile; fileRef = 42AB3D671D9ED78E00E42AEF /* spindle_pole_body.cpp */; };
		42AB3DB71D9ED78F00E42AEF /* test_interaction_engine.cpp in Sources */ = {isa = PBXBuildFile; fileRef = 42AB3D6A1D9ED78E00E42AEF /* test_interaction_engine.cpp */; };
		42AB3DB81D9ED78F00E42AEF /* test_lookup_table.cpp in Sources */ = {isa = PBXBuildFile; fileRef = 42AB3D6C1D9ED78E00E42AEF /* test_lookup_table.cpp */; };
		42AB3DB91D9ED78F00E42AEF /* test_manager.cpp in Sources */ = {isa = PBXBuildFile; fileRef = 42AB3D6E1D9ED78E00E42AEF /* test_manager.cpp */; };
		42AB3DBA1D9ED78F00E42AEF /* test_xlink_kmc.cpp in Sources */ = {isa = PBXBuildFile; fileRef = 42AB3D721D9ED78E00E42AEF /* test_xlink_kmc.cpp */; };
		42AB3DBB1D9ED78F00E42AEF /* test_xlink_kmc_moves.cpp in Sources */ = {isa = PBXBuildFile; fileRef = 42AB3D741D9ED78E00E42AEF /* test_xlink_kmc_moves.cpp */; };
		42AB3DBC1D9ED78F00E42AEF /* tracking_allpairs.cpp in Sources */ = {isa = PBXBuildFile; fileRef = 42AB3D771D9ED78E00E42AEF /* tracking_allpairs.cpp */; };
		42AB3DBD1D9ED78F00E42AEF /* tracking_base.cpp in Sources */ = {isa = PBXBuildFile; fileRef = 42AB3D791D9ED78E00E42AEF /* tracking_base.cpp */; };
		42AB3DBE1D9ED78F00E42AEF /* tracking_neighborlist_ap.cpp in Sources */ = {isa = PBXBuildFile; fileRef = 42AB3D7B1D9ED78E00E42AEF /* tracking_neighborlist_ap.cpp */; };
		42AB3DBF1D9ED78F00E42AEF /* tridiagonal_solver.cpp in Sources */ = {isa = PBXBuildFile; fileRef = 42AB3D7D1D9ED78E00E42AEF /* tridiagonal_solver.cpp */; };
		42AB3DC01D9ED78F00E42AEF /* uberengine.cpp in Sources */ = {isa = PBXBuildFile; fileRef = 42AB3D7E1D9ED78E00E42AEF /* uberengine.cpp */; };
		42AB3DC11D9ED78F00E42AEF /* vector_algebra.cpp in Sources */ = {isa = PBXBuildFile; fileRef = 42AB3D801D9ED78E00E42AEF /* vector_algebra.cpp */; };
		42AB3DC21D9ED78F00E42AEF /* velocity_verlet.cpp in Sources */ = {isa = PBXBuildFile; fileRef = 42AB3D811D9ED78E00E42AEF /* velocity_verlet.cpp */; };
		42AB3DC31D9ED78F00E42AEF /* writebmp.cpp in Sources */ = {isa = PBXBuildFile; fileRef = 42AB3D851D9ED78E00E42AEF /* writebmp.cpp */; };
		42AB3DC41D9ED78F00E42AEF /* xlink.cpp in Sources */ = {isa = PBXBuildFile; fileRef = 42AB3D871D9ED78E00E42AEF /* xlink.cpp */; };
		42AB3DC51D9ED78F00E42AEF /* xlink_harmonic.cpp in Sources */ = {isa = PBXBuildFile; fileRef = 42AB3D891D9ED78E00E42AEF /* xlink_harmonic.cpp */; };
		42AB3DC61D9ED78F00E42AEF /* xlink_head.cpp in Sources */ = {isa = PBXBuildFile; fileRef = 42AB3D8B1D9ED78E00E42AEF /* xlink_head.cpp */; };
		42AB3DC71D9ED78F00E42AEF /* xlink_kmc.cpp in Sources */ = {isa = PBXBuildFile; fileRef = 42AB3D8E1D9ED78E00E42AEF /* xlink_kmc.cpp */; };
		42AB3DCA1D9EDB5600E42AEF /* libyaml-cpp.0.5.3.dylib in Frameworks */ = {isa = PBXBuildFile; fileRef = 42AB3DC91D9EDB5600E42AEF /* libyaml-cpp.0.5.3.dylib */; };
		42AB3DCC1D9EDB6A00E42AEF /* OpenGL.framework in Frameworks */ = {isa = PBXBuildFile; fileRef = 42AB3DCB1D9EDB6A00E42AEF /* OpenGL.framework */; };
		42AB3DCE1D9EDBEE00E42AEF /* libGLEW.2.0.0.dylib in Frameworks */ = {isa = PBXBuildFile; fileRef = 42AB3DCD1D9EDBEE00E42AEF /* libGLEW.2.0.0.dylib */; };
		42AB3DD01D9EDC1F00E42AEF /* libglfw3.3.2.dylib in Frameworks */ = {isa = PBXBuildFile; fileRef = 42AB3DCF1D9EDC1F00E42AEF /* libglfw3.3.2.dylib */; };
		42AB3DD21D9EDC4A00E42AEF /* libgsl.19.dylib in Frameworks */ = {isa = PBXBuildFile; fileRef = 42AB3DD11D9EDC4A00E42AEF /* libgsl.19.dylib */; };
		42B6590F1DB830860015A096 /* dynamic_instability_v2.cpp in Sources */ = {isa = PBXBuildFile; fileRef = 42B658F91DB830860015A096 /* dynamic_instability_v2.cpp */; };
		42B659101DB830860015A096 /* interaction_engine_v2.cpp in Sources */ = {isa = PBXBuildFile; fileRef = 42B658FB1DB830860015A096 /* interaction_engine_v2.cpp */; };
		42B659111DB830860015A096 /* kmc_engine_v2.cpp in Sources */ = {isa = PBXBuildFile; fileRef = 42B658FE1DB830860015A096 /* kmc_engine_v2.cpp */; };
		42B659121DB830860015A096 /* particle_engine.cpp in Sources */ = {isa = PBXBuildFile; fileRef = 42B659011DB830860015A096 /* particle_engine.cpp */; };
		42B659131DB830860015A096 /* potential_manager_v2.cpp in Sources */ = {isa = PBXBuildFile; fileRef = 42B659031DB830860015A096 /* potential_manager_v2.cpp */; };
		42B659141DB830860015A096 /* tracking_scheme_allpairs.cpp in Sources */ = {isa = PBXBuildFile; fileRef = 42B659051DB830860015A096 /* tracking_scheme_allpairs.cpp */; };
		42B659151DB830860015A096 /* tracking_scheme_nlap.cpp in Sources */ = {isa = PBXBuildFile; fileRef = 42B659071DB830860015A096 /* tracking_scheme_nlap.cpp */; };
		42B659161DB830860015A096 /* tracking_scheme.cpp in Sources */ = {isa = PBXBuildFile; fileRef = 42B659091DB830860015A096 /* tracking_scheme.cpp */; };
		42B659171DB830860015A096 /* uberengine_v2.cpp in Sources */ = {isa = PBXBuildFile; fileRef = 42B6590B1DB830860015A096 /* uberengine_v2.cpp */; };
		42B659181DB830860015A096 /* xlink_kmc_v2.cpp in Sources */ = {isa = PBXBuildFile; fileRef = 42B6590D1DB830860015A096 /* xlink_kmc_v2.cpp */; };
/* End PBXBuildFile section */

/* Begin PBXCopyFilesBuildPhase section */
		42703DAC1D9ED72B00055D1C /* CopyFiles */ = {
			isa = PBXCopyFilesBuildPhase;
			buildActionMask = 2147483647;
			dstPath = /usr/share/man/man1/;
			dstSubfolderSpec = 0;
			files = (
			);
			runOnlyForDeploymentPostprocessing = 1;
		};
/* End PBXCopyFilesBuildPhase section */

/* Begin PBXFileReference section */
		42703DAE1D9ED72B00055D1C /* SimCOREXcode */ = {isa = PBXFileReference; explicitFileType = "compiled.mach-o.executable"; includeInIndex = 0; path = SimCOREXcode; sourceTree = BUILT_PRODUCTS_DIR; };
		42AB3CCE1D9ED78E00E42AEF /* 2d_spherocylinders.config.yaml */ = {isa = PBXFileReference; fileEncoding = 4; lastKnownFileType = text; path = 2d_spherocylinders.config.yaml; sourceTree = "<group>"; };
		42AB3CCF1D9ED78E00E42AEF /* 2d_spherocylinders.kmc.yaml */ = {isa = PBXFileReference; fileEncoding = 4; lastKnownFileType = text; path = 2d_spherocylinders.kmc.yaml; sourceTree = "<group>"; };
		42AB3CD01D9ED78E00E42AEF /* 2d_spherocylinders.pot.yaml */ = {isa = PBXFileReference; fileEncoding = 4; lastKnownFileType = text; path = 2d_spherocylinders.pot.yaml; sourceTree = "<group>"; };
		42AB3CD11D9ED78E00E42AEF /* 2d_spherocylinders.yaml */ = {isa = PBXFileReference; fileEncoding = 4; lastKnownFileType = text; path = 2d_spherocylinders.yaml; sourceTree = "<group>"; };
		42AB3CD21D9ED78E00E42AEF /* argon.yaml */ = {isa = PBXFileReference; fileEncoding = 4; lastKnownFileType = text; path = argon.yaml; sourceTree = "<group>"; };
		42AB3CD31D9ED78E00E42AEF /* argon1024_nograph.yaml */ = {isa = PBXFileReference; fileEncoding = 4; lastKnownFileType = text; path = argon1024_nograph.yaml; sourceTree = "<group>"; };
		42AB3CD41D9ED78E00E42AEF /* argon256_nograph.yaml */ = {isa = PBXFileReference; fileEncoding = 4; lastKnownFileType = text; path = argon256_nograph.yaml; sourceTree = "<group>"; };
		42AB3CD51D9ED78E00E42AEF /* argon4096_nograph.yaml */ = {isa = PBXFileReference; fileEncoding = 4; lastKnownFileType = text; path = argon4096_nograph.yaml; sourceTree = "<group>"; };
		42AB3CD61D9ED78E00E42AEF /* argon_kmc.yaml */ = {isa = PBXFileReference; fileEncoding = 4; lastKnownFileType = text; path = argon_kmc.yaml; sourceTree = "<group>"; };
		42AB3CD71D9ED78E00E42AEF /* argon_pot.yaml */ = {isa = PBXFileReference; fileEncoding = 4; lastKnownFileType = text; path = argon_pot.yaml; sourceTree = "<group>"; };
		42AB3CD81D9ED78E00E42AEF /* bulk_simulation.config.yaml */ = {isa = PBXFileReference; fileEncoding = 4; lastKnownFileType = text; path = bulk_simulation.config.yaml; sourceTree = "<group>"; };
		42AB3CD91D9ED78E00E42AEF /* bulk_simulation.kmc.yaml */ = {isa = PBXFileReference; fileEncoding = 4; lastKnownFileType = text; path = bulk_simulation.kmc.yaml; sourceTree = "<group>"; };
		42AB3CDA1D9ED78E00E42AEF /* bulk_simulation.pot.yaml */ = {isa = PBXFileReference; fileEncoding = 4; lastKnownFileType = text; path = bulk_simulation.pot.yaml; sourceTree = "<group>"; };
		42AB3CDB1D9ED78E00E42AEF /* bulk_simulation.yaml */ = {isa = PBXFileReference; fileEncoding = 4; lastKnownFileType = text; path = bulk_simulation.yaml; sourceTree = "<group>"; };
		42AB3CDC1D9ED78E00E42AEF /* filament_test.config.yaml */ = {isa = PBXFileReference; fileEncoding = 4; lastKnownFileType = text; path = filament_test.config.yaml; sourceTree = "<group>"; };
		42AB3CDD1D9ED78E00E42AEF /* filament_test.kmc.yaml */ = {isa = PBXFileReference; fileEncoding = 4; lastKnownFileType = text; path = filament_test.kmc.yaml; sourceTree = "<group>"; };
		42AB3CDE1D9ED78E00E42AEF /* filament_test.pot.yaml */ = {isa = PBXFileReference; fileEncoding = 4; lastKnownFileType = text; path = filament_test.pot.yaml; sourceTree = "<group>"; };
		42AB3CDF1D9ED78E00E42AEF /* filament_test.yaml */ = {isa = PBXFileReference; fileEncoding = 4; lastKnownFileType = text; path = filament_test.yaml; sourceTree = "<group>"; };
		42AB3CE01D9ED78E00E42AEF /* hard_rods.config.yaml */ = {isa = PBXFileReference; fileEncoding = 4; lastKnownFileType = text; path = hard_rods.config.yaml; sourceTree = "<group>"; };
		42AB3CE11D9ED78E00E42AEF /* hard_rods.kmc.yaml */ = {isa = PBXFileReference; fileEncoding = 4; lastKnownFileType = text; path = hard_rods.kmc.yaml; sourceTree = "<group>"; };
		42AB3CE21D9ED78E00E42AEF /* hard_rods.pot.yaml */ = {isa = PBXFileReference; fileEncoding = 4; lastKnownFileType = text; path = hard_rods.pot.yaml; sourceTree = "<group>"; };
		42AB3CE31D9ED78E00E42AEF /* hard_rods.yaml */ = {isa = PBXFileReference; fileEncoding = 4; lastKnownFileType = text; path = hard_rods.yaml; sourceTree = "<group>"; };
		42AB3CE41D9ED78E00E42AEF /* hard_spheres.config.yaml */ = {isa = PBXFileReference; fileEncoding = 4; lastKnownFileType = text; path = hard_spheres.config.yaml; sourceTree = "<group>"; };
		42AB3CE51D9ED78E00E42AEF /* hard_spheres.kmc.yaml */ = {isa = PBXFileReference; fileEncoding = 4; lastKnownFileType = text; path = hard_spheres.kmc.yaml; sourceTree = "<group>"; };
		42AB3CE61D9ED78E00E42AEF /* hard_spheres.pot.yaml */ = {isa = PBXFileReference; fileEncoding = 4; lastKnownFileType = text; path = hard_spheres.pot.yaml; sourceTree = "<group>"; };
		42AB3CE71D9ED78E00E42AEF /* hard_spheres.yaml */ = {isa = PBXFileReference; fileEncoding = 4; lastKnownFileType = text; path = hard_spheres.yaml; sourceTree = "<group>"; };
		42AB3CE81D9ED78E00E42AEF /* spb_test.config.yaml */ = {isa = PBXFileReference; fileEncoding = 4; lastKnownFileType = text; path = spb_test.config.yaml; sourceTree = "<group>"; };
		42AB3CE91D9ED78E00E42AEF /* spb_test.kmc.yaml */ = {isa = PBXFileReference; fileEncoding = 4; lastKnownFileType = text; path = spb_test.kmc.yaml; sourceTree = "<group>"; };
		42AB3CEA1D9ED78E00E42AEF /* spb_test.pot.yaml */ = {isa = PBXFileReference; fileEncoding = 4; lastKnownFileType = text; path = spb_test.pot.yaml; sourceTree = "<group>"; };
		42AB3CEB1D9ED78E00E42AEF /* spb_test.yaml */ = {isa = PBXFileReference; fileEncoding = 4; lastKnownFileType = text; path = spb_test.yaml; sourceTree = "<group>"; };
		42AB3CEC1D9ED78E00E42AEF /* spindle.config.yaml */ = {isa = PBXFileReference; fileEncoding = 4; lastKnownFileType = text; path = spindle.config.yaml; sourceTree = "<group>"; };
		42AB3CED1D9ED78E00E42AEF /* spindle.kmc.yaml */ = {isa = PBXFileReference; fileEncoding = 4; lastKnownFileType = text; path = spindle.kmc.yaml; sourceTree = "<group>"; };
		42AB3CEE1D9ED78E00E42AEF /* spindle.pot.yaml */ = {isa = PBXFileReference; fileEncoding = 4; lastKnownFileType = text; path = spindle.pot.yaml; sourceTree = "<group>"; };
		42AB3CEF1D9ED78E00E42AEF /* spindle.yaml */ = {isa = PBXFileReference; fileEncoding = 4; lastKnownFileType = text; path = spindle.yaml; sourceTree = "<group>"; };
		42AB3CF01D9ED78E00E42AEF /* spindle_bak.config.yaml */ = {isa = PBXFileReference; fileEncoding = 4; lastKnownFileType = text; path = spindle_bak.config.yaml; sourceTree = "<group>"; };
		42AB3CF11D9ED78E00E42AEF /* spindle_bak.kmc.yaml */ = {isa = PBXFileReference; fileEncoding = 4; lastKnownFileType = text; path = spindle_bak.kmc.yaml; sourceTree = "<group>"; };
		42AB3CF21D9ED78E00E42AEF /* spindle_bak.pot.yaml */ = {isa = PBXFileReference; fileEncoding = 4; lastKnownFileType = text; path = spindle_bak.pot.yaml; sourceTree = "<group>"; };
		42AB3CF31D9ED78E00E42AEF /* spindle_bak.yaml */ = {isa = PBXFileReference; fileEncoding = 4; lastKnownFileType = text; path = spindle_bak.yaml; sourceTree = "<group>"; };
		42AB3CF41D9ED78E00E42AEF /* spindle_facsimilie.config.yaml */ = {isa = PBXFileReference; fileEncoding = 4; lastKnownFileType = text; path = spindle_facsimilie.config.yaml; sourceTree = "<group>"; };
		42AB3CF51D9ED78E00E42AEF /* spindle_facsimilie.kmc.yaml */ = {isa = PBXFileReference; fileEncoding = 4; lastKnownFileType = text; path = spindle_facsimilie.kmc.yaml; sourceTree = "<group>"; };
		42AB3CF61D9ED78E00E42AEF /* spindle_facsimilie.pot.yaml */ = {isa = PBXFileReference; fileEncoding = 4; lastKnownFileType = text; path = spindle_facsimilie.pot.yaml; sourceTree = "<group>"; };
		42AB3CF71D9ED78E00E42AEF /* spindle_facsimilie.yaml */ = {isa = PBXFileReference; fileEncoding = 4; lastKnownFileType = text; path = spindle_facsimilie.yaml; sourceTree = "<group>"; };
		42AB3CF81D9ED78E00E42AEF /* test_species_config.config.yaml */ = {isa = PBXFileReference; fileEncoding = 4; lastKnownFileType = text; path = test_species_config.config.yaml; sourceTree = "<group>"; };
		42AB3CF91D9ED78E00E42AEF /* test_species_config.kmc.yaml */ = {isa = PBXFileReference; fileEncoding = 4; lastKnownFileType = text; path = test_species_config.kmc.yaml; sourceTree = "<group>"; };
		42AB3CFA1D9ED78E00E42AEF /* test_species_config.pot.yaml */ = {isa = PBXFileReference; fileEncoding = 4; lastKnownFileType = text; path = test_species_config.pot.yaml; sourceTree = "<group>"; };
		42AB3CFB1D9ED78E00E42AEF /* test_species_config.yaml */ = {isa = PBXFileReference; fileEncoding = 4; lastKnownFileType = text; path = test_species_config.yaml; sourceTree = "<group>"; };
		42AB3CFC1D9ED78E00E42AEF /* test_specific.config.yaml */ = {isa = PBXFileReference; fileEncoding = 4; lastKnownFileType = text; path = test_specific.config.yaml; sourceTree = "<group>"; };
		42AB3CFD1D9ED78E00E42AEF /* test_specific.kmc.yaml */ = {isa = PBXFileReference; fileEncoding = 4; lastKnownFileType = text; path = test_specific.kmc.yaml; sourceTree = "<group>"; };
		42AB3CFE1D9ED78E00E42AEF /* test_specific.pot.yaml */ = {isa = PBXFileReference; fileEncoding = 4; lastKnownFileType = text; path = test_specific.pot.yaml; sourceTree = "<group>"; };
		42AB3CFF1D9ED78E00E42AEF /* test_specific.yaml */ = {isa = PBXFileReference; fileEncoding = 4; lastKnownFileType = text; path = test_specific.yaml; sourceTree = "<group>"; };
		42AB3D001D9ED78E00E42AEF /* tethering.config.yaml */ = {isa = PBXFileReference; fileEncoding = 4; lastKnownFileType = text; path = tethering.config.yaml; sourceTree = "<group>"; };
		42AB3D011D9ED78E00E42AEF /* tethering.kmc.yaml */ = {isa = PBXFileReference; fileEncoding = 4; lastKnownFileType = text; path = tethering.kmc.yaml; sourceTree = "<group>"; };
		42AB3D021D9ED78E00E42AEF /* tethering.pot.yaml */ = {isa = PBXFileReference; fileEncoding = 4; lastKnownFileType = text; path = tethering.pot.yaml; sourceTree = "<group>"; };
		42AB3D031D9ED78E00E42AEF /* tethering.yaml */ = {isa = PBXFileReference; fileEncoding = 4; lastKnownFileType = text; path = tethering.yaml; sourceTree = "<group>"; };
		42AB3D051D9ED78E00E42AEF /* allocate.cpp */ = {isa = PBXFileReference; fileEncoding = 4; lastKnownFileType = sourcecode.cpp.cpp; path = allocate.cpp; sourceTree = "<group>"; };
		42AB3D061D9ED78E00E42AEF /* allocate.h */ = {isa = PBXFileReference; fileEncoding = 4; lastKnownFileType = sourcecode.c.h; path = allocate.h; sourceTree = "<group>"; };
		42AB3D071D9ED78E00E42AEF /* anchor_list_generic.h */ = {isa = PBXFileReference; fileEncoding = 4; lastKnownFileType = sourcecode.c.h; path = anchor_list_generic.h; sourceTree = "<group>"; };
		42AB3D081D9ED78E00E42AEF /* argon.cpp */ = {isa = PBXFileReference; fileEncoding = 4; lastKnownFileType = sourcecode.cpp.cpp; path = argon.cpp; sourceTree = "<group>"; };
		42AB3D091D9ED78E00E42AEF /* argon.h */ = {isa = PBXFileReference; fileEncoding = 4; lastKnownFileType = sourcecode.c.h; path = argon.h; sourceTree = "<group>"; };
		42AB3D0A1D9ED78E00E42AEF /* auxiliary.h */ = {isa = PBXFileReference; fileEncoding = 4; lastKnownFileType = sourcecode.c.h; path = auxiliary.h; sourceTree = "<group>"; };
		42AB3D0B1D9ED78E00E42AEF /* bead.h */ = {isa = PBXFileReference; fileEncoding = 4; lastKnownFileType = sourcecode.c.h; path = bead.h; sourceTree = "<group>"; };
		42AB3D0C1D9ED78E00E42AEF /* bond.cpp */ = {isa = PBXFileReference; fileEncoding = 4; lastKnownFileType = sourcecode.cpp.cpp; path = bond.cpp; sourceTree = "<group>"; };
		42AB3D0D1D9ED78E00E42AEF /* bond.h */ = {isa = PBXFileReference; fileEncoding = 4; lastKnownFileType = sourcecode.c.h; path = bond.h; sourceTree = "<group>"; };
		42AB3D0E1D9ED78E00E42AEF /* boundary_wca.cpp */ = {isa = PBXFileReference; fileEncoding = 4; lastKnownFileType = sourcecode.cpp.cpp; path = boundary_wca.cpp; sourceTree = "<group>"; };
		42AB3D0F1D9ED78E00E42AEF /* boundary_wca.h */ = {isa = PBXFileReference; fileEncoding = 4; lastKnownFileType = sourcecode.c.h; path = boundary_wca.h; sourceTree = "<group>"; };
		42AB3D101D9ED78E00E42AEF /* boundary_wca_tip.cpp */ = {isa = PBXFileReference; fileEncoding = 4; lastKnownFileType = sourcecode.cpp.cpp; path = boundary_wca_tip.cpp; sourceTree = "<group>"; };
		42AB3D111D9ED78E00E42AEF /* boundary_wca_tip.h */ = {isa = PBXFileReference; fileEncoding = 4; lastKnownFileType = sourcecode.c.h; path = boundary_wca_tip.h; sourceTree = "<group>"; };
		42AB3D121D9ED78E00E42AEF /* br_bead.cpp */ = {isa = PBXFileReference; fileEncoding = 4; lastKnownFileType = sourcecode.cpp.cpp; path = br_bead.cpp; sourceTree = "<group>"; };
		42AB3D131D9ED78E00E42AEF /* br_bead.h */ = {isa = PBXFileReference; fileEncoding = 4; lastKnownFileType = sourcecode.c.h; path = br_bead.h; sourceTree = "<group>"; };
		42AB3D141D9ED78E00E42AEF /* br_dimer.cpp */ = {isa = PBXFileReference; fileEncoding = 4; lastKnownFileType = sourcecode.cpp.cpp; path = br_dimer.cpp; sourceTree = "<group>"; };
		42AB3D151D9ED78E00E42AEF /* br_dimer.h */ = {isa = PBXFileReference; fileEncoding = 4; lastKnownFileType = sourcecode.c.h; path = br_dimer.h; sourceTree = "<group>"; };
		42AB3D161D9ED78E00E42AEF /* br_rod.cpp */ = {isa = PBXFileReference; fileEncoding = 4; lastKnownFileType = sourcecode.cpp.cpp; path = br_rod.cpp; sourceTree = "<group>"; };
		42AB3D171D9ED78E00E42AEF /* br_rod.h */ = {isa = PBXFileReference; fileEncoding = 4; lastKnownFileType = sourcecode.c.h; path = br_rod.h; sourceTree = "<group>"; };
		42AB3D181D9ED78E00E42AEF /* br_simple_rod.cpp */ = {isa = PBXFileReference; fileEncoding = 4; lastKnownFileType = sourcecode.cpp.cpp; path = br_simple_rod.cpp; sourceTree = "<group>"; };
		42AB3D191D9ED78E00E42AEF /* br_simple_rod.h */ = {isa = PBXFileReference; fileEncoding = 4; lastKnownFileType = sourcecode.c.h; path = br_simple_rod.h; sourceTree = "<group>"; };
		42AB3D1A1D9ED78E00E42AEF /* br_walker.cpp */ = {isa = PBXFileReference; fileEncoding = 4; lastKnownFileType = sourcecode.cpp.cpp; path = br_walker.cpp; sourceTree = "<group>"; };
		42AB3D1B1D9ED78E00E42AEF /* br_walker.h */ = {isa = PBXFileReference; fileEncoding = 4; lastKnownFileType = sourcecode.c.h; path = br_walker.h; sourceTree = "<group>"; };
		42AB3D1C1D9ED78E00E42AEF /* configure_simcore.cpp */ = {isa = PBXFileReference; fileEncoding = 4; lastKnownFileType = sourcecode.cpp.cpp; path = configure_simcore.cpp; sourceTree = "<group>"; };
		42AB3D1D1D9ED78E00E42AEF /* cpu.cpp */ = {isa = PBXFileReference; fileEncoding = 4; lastKnownFileType = sourcecode.cpp.cpp; path = cpu.cpp; sourceTree = "<group>"; };
		42AB3D1E1D9ED78E00E42AEF /* dynamic_instability.cpp */ = {isa = PBXFileReference; fileEncoding = 4; lastKnownFileType = sourcecode.cpp.cpp; path = dynamic_instability.cpp; sourceTree = "<group>"; };
		42AB3D1F1D9ED78E00E42AEF /* dynamic_instability.h */ = {isa = PBXFileReference; fileEncoding = 4; lastKnownFileType = sourcecode.c.h; path = dynamic_instability.h; sourceTree = "<group>"; };
		42AB3D201D9ED78E00E42AEF /* error_exit.cpp */ = {isa = PBXFileReference; fileEncoding = 4; lastKnownFileType = sourcecode.cpp.cpp; path = error_exit.cpp; sourceTree = "<group>"; };
		42AB3D211D9ED78E00E42AEF /* filament.cpp */ = {isa = PBXFileReference; fileEncoding = 4; lastKnownFileType = sourcecode.cpp.cpp; path = filament.cpp; sourceTree = "<group>"; };
		42AB3D221D9ED78E00E42AEF /* filament.h */ = {isa = PBXFileReference; fileEncoding = 4; lastKnownFileType = sourcecode.c.h; path = filament.h; sourceTree = "<group>"; };
		42AB3D231D9ED78E00E42AEF /* generate_random_unit_vector.cpp */ = {isa = PBXFileReference; fileEncoding = 4; lastKnownFileType = sourcecode.cpp.cpp; path = generate_random_unit_vector.cpp; sourceTree = "<group>"; };
		42AB3D241D9ED78E00E42AEF /* grabber.cpp */ = {isa = PBXFileReference; fileEncoding = 4; lastKnownFileType = sourcecode.cpp.cpp; path = grabber.cpp; sourceTree = "<group>"; };
		42AB3D251D9ED78E00E42AEF /* graph.h */ = {isa = PBXFileReference; fileEncoding = 4; lastKnownFileType = sourcecode.c.h; path = graph.h; sourceTree = "<group>"; };
		42AB3D261D9ED78E00E42AEF /* graphics.cpp */ = {isa = PBXFileReference; fileEncoding = 4; lastKnownFileType = sourcecode.cpp.cpp; path = graphics.cpp; sourceTree = "<group>"; };
		42AB3D271D9ED78E00E42AEF /* graphics.h */ = {isa = PBXFileReference; fileEncoding = 4; lastKnownFileType = sourcecode.c.h; path = graphics.h; sourceTree = "<group>"; };
		42AB3D281D9ED78E00E42AEF /* harmonic.h */ = {isa = PBXFileReference; fileEncoding = 4; lastKnownFileType = sourcecode.c.h; path = harmonic.h; sourceTree = "<group>"; };
		42AB3D291D9ED78E00E42AEF /* helpers.h */ = {isa = PBXFileReference; fileEncoding = 4; lastKnownFileType = sourcecode.c.h; path = helpers.h; sourceTree = "<group>"; };
		42AB3D2A1D9ED78E00E42AEF /* init_species.h */ = {isa = PBXFileReference; fileEncoding = 4; lastKnownFileType = sourcecode.c.h; path = init_species.h; sourceTree = "<group>"; };
		42AB3D2B1D9ED78E00E42AEF /* integrator.h */ = {isa = PBXFileReference; fileEncoding = 4; lastKnownFileType = sourcecode.c.h; path = integrator.h; sourceTree = "<group>"; };
		42AB3D2C1D9ED78E00E42AEF /* integrator_manager.cpp */ = {isa = PBXFileReference; fileEncoding = 4; lastKnownFileType = sourcecode.cpp.cpp; path = integrator_manager.cpp; sourceTree = "<group>"; };
		42AB3D2D1D9ED78E00E42AEF /* integrator_manager.h */ = {isa = PBXFileReference; fileEncoding = 4; lastKnownFileType = sourcecode.c.h; path = integrator_manager.h; sourceTree = "<group>"; };
		42AB3D2E1D9ED78E00E42AEF /* interaction.h */ = {isa = PBXFileReference; fileEncoding = 4; lastKnownFileType = sourcecode.c.h; path = interaction.h; sourceTree = "<group>"; };
		42AB3D2F1D9ED78E00E42AEF /* interaction_engine.cpp */ = {isa = PBXFileReference; fileEncoding = 4; lastKnownFileType = sourcecode.cpp.cpp; path = interaction_engine.cpp; sourceTree = "<group>"; };
		42AB3D301D9ED78E00E42AEF /* interaction_engine.h */ = {isa = PBXFileReference; fileEncoding = 4; lastKnownFileType = sourcecode.c.h; path = interaction_engine.h; sourceTree = "<group>"; };
		42AB3D311D9ED78E00E42AEF /* kmc_base.h */ = {isa = PBXFileReference; fileEncoding = 4; lastKnownFileType = sourcecode.c.h; path = kmc_base.h; sourceTree = "<group>"; };
		42AB3D321D9ED78E00E42AEF /* kmc_engine.cpp */ = {isa = PBXFileReference; fileEncoding = 4; lastKnownFileType = sourcecode.cpp.cpp; path = kmc_engine.cpp; sourceTree = "<group>"; };
		42AB3D331D9ED78E00E42AEF /* kmc_engine.h */ = {isa = PBXFileReference; fileEncoding = 4; lastKnownFileType = sourcecode.c.h; path = kmc_engine.h; sourceTree = "<group>"; };
		42AB3D341D9ED78E00E42AEF /* lennard_jones_12_6.h */ = {isa = PBXFileReference; fileEncoding = 4; lastKnownFileType = sourcecode.c.h; path = lennard_jones_12_6.h; sourceTree = "<group>"; };
		42AB3D351D9ED78E00E42AEF /* lookup_table.cpp */ = {isa = PBXFileReference; fileEncoding = 4; lastKnownFileType = sourcecode.cpp.cpp; path = lookup_table.cpp; sourceTree = "<group>"; };
		42AB3D361D9ED78E00E42AEF /* lookup_table.h */ = {isa = PBXFileReference; fileEncoding = 4; lastKnownFileType = sourcecode.c.h; path = lookup_table.h; sourceTree = "<group>"; };
		42AB3D371D9ED78E00E42AEF /* macros.h */ = {isa = PBXFileReference; fileEncoding = 4; lastKnownFileType = sourcecode.c.h; path = macros.h; sourceTree = "<group>"; };
		42AB3D381D9ED78E00E42AEF /* make_params.cpp */ = {isa = PBXFileReference; fileEncoding = 4; lastKnownFileType = sourcecode.cpp.cpp; path = make_params.cpp; sourceTree = "<group>"; };
		42AB3D391D9ED78E00E42AEF /* master_params.yaml */ = {isa = PBXFileReference; fileEncoding = 4; lastKnownFileType = text; path = master_params.yaml; sourceTree = "<group>"; };
		42AB3D3A1D9ED78E00E42AEF /* md_bead.cpp */ = {isa = PBXFileReference; fileEncoding = 4; lastKnownFileType = sourcecode.cpp.cpp; path = md_bead.cpp; sourceTree = "<group>"; };
		42AB3D3B1D9ED78E00E42AEF /* md_bead.h */ = {isa = PBXFileReference; fileEncoding = 4; lastKnownFileType = sourcecode.c.h; path = md_bead.h; sourceTree = "<group>"; };
		42AB3D3C1D9ED78E00E42AEF /* md_bead_opt.cpp */ = {isa = PBXFileReference; fileEncoding = 4; lastKnownFileType = sourcecode.cpp.cpp; path = md_bead_opt.cpp; sourceTree = "<group>"; };
		42AB3D3D1D9ED78E00E42AEF /* md_bead_opt.h */ = {isa = PBXFileReference; fileEncoding = 4; lastKnownFileType = sourcecode.c.h; path = md_bead_opt.h; sourceTree = "<group>"; };
		42AB3D3E1D9ED78E00E42AEF /* md_kmc_bead.cpp */ = {isa = PBXFileReference; fileEncoding = 4; lastKnownFileType = sourcecode.cpp.cpp; path = md_kmc_bead.cpp; sourceTree = "<group>"; };
		42AB3D3F1D9ED78E00E42AEF /* md_kmc_bead.h */ = {isa = PBXFileReference; fileEncoding = 4; lastKnownFileType = sourcecode.c.h; path = md_kmc_bead.h; sourceTree = "<group>"; };
		42AB3D401D9ED78E00E42AEF /* minimum_distance.cpp */ = {isa = PBXFileReference; fileEncoding = 4; lastKnownFileType = sourcecode.cpp.cpp; path = minimum_distance.cpp; sourceTree = "<group>"; };
		42AB3D411D9ED78E00E42AEF /* minimum_distance.h */ = {isa = PBXFileReference; fileEncoding = 4; lastKnownFileType = sourcecode.c.h; path = minimum_distance.h; sourceTree = "<group>"; };
		42AB3D421D9ED78E00E42AEF /* neighbor_list_generic.h */ = {isa = PBXFileReference; fileEncoding = 4; lastKnownFileType = sourcecode.c.h; path = neighbor_list_generic.h; sourceTree = "<group>"; };
		42AB3D431D9ED78E00E42AEF /* neon.cpp */ = {isa = PBXFileReference; fileEncoding = 4; lastKnownFileType = sourcecode.cpp.cpp; path = neon.cpp; sourceTree = "<group>"; };
		42AB3D441D9ED78E00E42AEF /* neon.h */ = {isa = PBXFileReference; fileEncoding = 4; lastKnownFileType = sourcecode.c.h; path = neon.h; sourceTree = "<group>"; };
		42AB3D451D9ED78E00E42AEF /* object.cpp */ = {isa = PBXFileReference; fileEncoding = 4; lastKnownFileType = sourcecode.cpp.cpp; path = object.cpp; sourceTree = "<group>"; };
		42AB3D461D9ED78E00E42AEF /* object.h */ = {isa = PBXFileReference; fileEncoding = 4; lastKnownFileType = sourcecode.c.h; path = object.h; sourceTree = "<group>"; };
		42AB3D471D9ED78E00E42AEF /* object_old.h */ = {isa = PBXFileReference; fileEncoding = 4; lastKnownFileType = sourcecode.c.h; path = object_old.h; sourceTree = "<group>"; };
		42AB3D481D9ED78E00E42AEF /* objects.h */ = {isa = PBXFileReference; fileEncoding = 4; lastKnownFileType = sourcecode.c.h; path = objects.h; sourceTree = "<group>"; };
		42AB3D491D9ED78E00E42AEF /* objects.h.orig */ = {isa = PBXFileReference; fileEncoding = 4; lastKnownFileType = text; path = objects.h.orig; sourceTree = "<group>"; };
		42AB3D4A1D9ED78E00E42AEF /* output_manager.cpp */ = {isa = PBXFileReference; fileEncoding = 4; lastKnownFileType = sourcecode.cpp.cpp; path = output_manager.cpp; sourceTree = "<group>"; };
		42AB3D4B1D9ED78E00E42AEF /* output_manager.h */ = {isa = PBXFileReference; fileEncoding = 4; lastKnownFileType = sourcecode.c.h; path = output_manager.h; sourceTree = "<group>"; };
		42AB3D4C1D9ED78E00E42AEF /* parameters.h */ = {isa = PBXFileReference; fileEncoding = 4; lastKnownFileType = sourcecode.c.h; path = parameters.h; sourceTree = "<group>"; };
		42AB3D4D1D9ED78E00E42AEF /* parse_flags.h */ = {isa = PBXFileReference; fileEncoding = 4; lastKnownFileType = sourcecode.c.h; path = parse_flags.h; sourceTree = "<group>"; };
		42AB3D4E1D9ED78E00E42AEF /* parse_params_body.h */ = {isa = PBXFileReference; fileEncoding = 4; lastKnownFileType = sourcecode.c.h; path = parse_params_body.h; sourceTree = "<group>"; };
		42AB3D4F1D9ED78E00E42AEF /* particle.h */ = {isa = PBXFileReference; fileEncoding = 4; lastKnownFileType = sourcecode.c.h; path = particle.h; sourceTree = "<group>"; };
		42AB3D501D9ED78E00E42AEF /* particle_md.h */ = {isa = PBXFileReference; fileEncoding = 4; lastKnownFileType = sourcecode.c.h; path = particle_md.h; sourceTree = "<group>"; };
		42AB3D511D9ED78E00E42AEF /* particle_md_system.h */ = {isa = PBXFileReference; fileEncoding = 4; lastKnownFileType = sourcecode.c.h; path = particle_md_system.h; sourceTree = "<group>"; };
		42AB3D521D9ED78E00E42AEF /* particle_tracking.cpp */ = {isa = PBXFileReference; fileEncoding = 4; lastKnownFileType = sourcecode.cpp.cpp; path = particle_tracking.cpp; sourceTree = "<group>"; };
		42AB3D531D9ED78E00E42AEF /* particle_tracking.h */ = {isa = PBXFileReference; fileEncoding = 4; lastKnownFileType = sourcecode.c.h; path = particle_tracking.h; sourceTree = "<group>"; };
		42AB3D541D9ED78E00E42AEF /* potential_base.h */ = {isa = PBXFileReference; fileEncoding = 4; lastKnownFileType = sourcecode.c.h; path = potential_base.h; sourceTree = "<group>"; };
		42AB3D551D9ED78E00E42AEF /* potential_manager.cpp */ = {isa = PBXFileReference; fileEncoding = 4; lastKnownFileType = sourcecode.cpp.cpp; path = potential_manager.cpp; sourceTree = "<group>"; };
		42AB3D561D9ED78E00E42AEF /* potential_manager.h */ = {isa = PBXFileReference; fileEncoding = 4; lastKnownFileType = sourcecode.c.h; path = potential_manager.h; sourceTree = "<group>"; };
		42AB3D571D9ED78E00E42AEF /* print_params_body.h */ = {isa = PBXFileReference; fileEncoding = 4; lastKnownFileType = sourcecode.c.h; path = print_params_body.h; sourceTree = "<group>"; };
		42AB3D581D9ED78E00E42AEF /* simcore_main.cpp */ = {isa = PBXFileReference; fileEncoding = 4; lastKnownFileType = sourcecode.cpp.cpp; path = simcore_main.cpp; sourceTree = "<group>"; };
		42AB3D591D9ED78E00E42AEF /* simulation.cpp */ = {isa = PBXFileReference; fileEncoding = 4; lastKnownFileType = sourcecode.cpp.cpp; path = simulation.cpp; sourceTree = "<group>"; };
		42AB3D5A1D9ED78E00E42AEF /* simulation.cpp.bak */ = {isa = PBXFileReference; fileEncoding = 4; lastKnownFileType = text; path = simulation.cpp.bak; sourceTree = "<group>"; };
		42AB3D5B1D9ED78E00E42AEF /* simulation.h */ = {isa = PBXFileReference; fileEncoding = 4; lastKnownFileType = sourcecode.c.h; path = simulation.h; sourceTree = "<group>"; };
		42AB3D5C1D9ED78E00E42AEF /* simulation_manager.cpp */ = {isa = PBXFileReference; fileEncoding = 4; lastKnownFileType = sourcecode.cpp.cpp; path = simulation_manager.cpp; sourceTree = "<group>"; };
		42AB3D5D1D9ED78E00E42AEF /* simulation_manager.h */ = {isa = PBXFileReference; fileEncoding = 4; lastKnownFileType = sourcecode.c.h; path = simulation_manager.h; sourceTree = "<group>"; };
		42AB3D5E1D9ED78E00E42AEF /* site.cpp */ = {isa = PBXFileReference; fileEncoding = 4; lastKnownFileType = sourcecode.cpp.cpp; path = site.cpp; sourceTree = "<group>"; };
		42AB3D5F1D9ED78E00E42AEF /* site.h */ = {isa = PBXFileReference; fileEncoding = 4; lastKnownFileType = sourcecode.c.h; path = site.h; sourceTree = "<group>"; };
		42AB3D601D9ED78E00E42AEF /* space.cpp */ = {isa = PBXFileReference; fileEncoding = 4; lastKnownFileType = sourcecode.cpp.cpp; path = space.cpp; sourceTree = "<group>"; };
		42AB3D611D9ED78E00E42AEF /* space.h */ = {isa = PBXFileReference; fileEncoding = 4; lastKnownFileType = sourcecode.c.h; path = space.h; sourceTree = "<group>"; };
		42AB3D621D9ED78E00E42AEF /* species.h */ = {isa = PBXFileReference; fileEncoding = 4; lastKnownFileType = sourcecode.c.h; path = species.h; sourceTree = "<group>"; };
		42AB3D631D9ED78E00E42AEF /* sphere_line_well.h */ = {isa = PBXFileReference; fileEncoding = 4; lastKnownFileType = sourcecode.c.h; path = sphere_line_well.h; sourceTree = "<group>"; };
		42AB3D641D9ED78E00E42AEF /* sphere_square_well.h */ = {isa = PBXFileReference; fileEncoding = 4; lastKnownFileType = sourcecode.c.h; path = sphere_square_well.h; sourceTree = "<group>"; };
		42AB3D651D9ED78E00E42AEF /* sphero_overlap.cpp */ = {isa = PBXFileReference; fileEncoding = 4; lastKnownFileType = sourcecode.cpp.cpp; path = sphero_overlap.cpp; sourceTree = "<group>"; };
		42AB3D661D9ED78E00E42AEF /* sphero_overlap.h */ = {isa = PBXFileReference; fileEncoding = 4; lastKnownFileType = sourcecode.c.h; path = sphero_overlap.h; sourceTree = "<group>"; };
		42AB3D671D9ED78E00E42AEF /* spindle_pole_body.cpp */ = {isa = PBXFileReference; fileEncoding = 4; lastKnownFileType = sourcecode.cpp.cpp; path = spindle_pole_body.cpp; sourceTree = "<group>"; };
		42AB3D681D9ED78E00E42AEF /* spindle_pole_body.h */ = {isa = PBXFileReference; fileEncoding = 4; lastKnownFileType = sourcecode.c.h; path = spindle_pole_body.h; sourceTree = "<group>"; };
		42AB3D691D9ED78E00E42AEF /* test_helpers.h */ = {isa = PBXFileReference; fileEncoding = 4; lastKnownFileType = sourcecode.c.h; path = test_helpers.h; sourceTree = "<group>"; };
		42AB3D6A1D9ED78E00E42AEF /* test_interaction_engine.cpp */ = {isa = PBXFileReference; fileEncoding = 4; lastKnownFileType = sourcecode.cpp.cpp; path = test_interaction_engine.cpp; sourceTree = "<group>"; };
		42AB3D6B1D9ED78E00E42AEF /* test_interaction_engine.h */ = {isa = PBXFileReference; fileEncoding = 4; lastKnownFileType = sourcecode.c.h; path = test_interaction_engine.h; sourceTree = "<group>"; };
		42AB3D6C1D9ED78E00E42AEF /* test_lookup_table.cpp */ = {isa = PBXFileReference; fileEncoding = 4; lastKnownFileType = sourcecode.cpp.cpp; path = test_lookup_table.cpp; sourceTree = "<group>"; };
		42AB3D6D1D9ED78E00E42AEF /* test_lookup_table.h */ = {isa = PBXFileReference; fileEncoding = 4; lastKnownFileType = sourcecode.c.h; path = test_lookup_table.h; sourceTree = "<group>"; };
		42AB3D6E1D9ED78E00E42AEF /* test_manager.cpp */ = {isa = PBXFileReference; fileEncoding = 4; lastKnownFileType = sourcecode.cpp.cpp; path = test_manager.cpp; sourceTree = "<group>"; };
		42AB3D6F1D9ED78E00E42AEF /* test_manager.h */ = {isa = PBXFileReference; fileEncoding = 4; lastKnownFileType = sourcecode.c.h; path = test_manager.h; sourceTree = "<group>"; };
		42AB3D701D9ED78E00E42AEF /* test_module_base.h */ = {isa = PBXFileReference; fileEncoding = 4; lastKnownFileType = sourcecode.c.h; path = test_module_base.h; sourceTree = "<group>"; };
		42AB3D711D9ED78E00E42AEF /* test_potential.h */ = {isa = PBXFileReference; fileEncoding = 4; lastKnownFileType = sourcecode.c.h; path = test_potential.h; sourceTree = "<group>"; };
		42AB3D721D9ED78E00E42AEF /* test_xlink_kmc.cpp */ = {isa = PBXFileReference; fileEncoding = 4; lastKnownFileType = sourcecode.cpp.cpp; path = test_xlink_kmc.cpp; sourceTree = "<group>"; };
		42AB3D731D9ED78E00E42AEF /* test_xlink_kmc.h */ = {isa = PBXFileReference; fileEncoding = 4; lastKnownFileType = sourcecode.c.h; path = test_xlink_kmc.h; sourceTree = "<group>"; };
		42AB3D741D9ED78E00E42AEF /* test_xlink_kmc_moves.cpp */ = {isa = PBXFileReference; fileEncoding = 4; lastKnownFileType = sourcecode.cpp.cpp; path = test_xlink_kmc_moves.cpp; sourceTree = "<group>"; };
		42AB3D751D9ED78E00E42AEF /* test_xlink_kmc_moves.h */ = {isa = PBXFileReference; fileEncoding = 4; lastKnownFileType = sourcecode.c.h; path = test_xlink_kmc_moves.h; sourceTree = "<group>"; };
		42AB3D761D9ED78E00E42AEF /* timetester.h */ = {isa = PBXFileReference; fileEncoding = 4; lastKnownFileType = sourcecode.c.h; path = timetester.h; sourceTree = "<group>"; };
		42AB3D771D9ED78E00E42AEF /* tracking_allpairs.cpp */ = {isa = PBXFileReference; fileEncoding = 4; lastKnownFileType = sourcecode.cpp.cpp; path = tracking_allpairs.cpp; sourceTree = "<group>"; };
		42AB3D781D9ED78E00E42AEF /* tracking_allpairs.h */ = {isa = PBXFileReference; fileEncoding = 4; lastKnownFileType = sourcecode.c.h; path = tracking_allpairs.h; sourceTree = "<group>"; };
		42AB3D791D9ED78E00E42AEF /* tracking_base.cpp */ = {isa = PBXFileReference; fileEncoding = 4; lastKnownFileType = sourcecode.cpp.cpp; path = tracking_base.cpp; sourceTree = "<group>"; };
		42AB3D7A1D9ED78E00E42AEF /* tracking_base.h */ = {isa = PBXFileReference; fileEncoding = 4; lastKnownFileType = sourcecode.c.h; path = tracking_base.h; sourceTree = "<group>"; };
		42AB3D7B1D9ED78E00E42AEF /* tracking_neighborlist_ap.cpp */ = {isa = PBXFileReference; fileEncoding = 4; lastKnownFileType = sourcecode.cpp.cpp; path = tracking_neighborlist_ap.cpp; sourceTree = "<group>"; };
		42AB3D7C1D9ED78E00E42AEF /* tracking_neighborlist_ap.h */ = {isa = PBXFileReference; fileEncoding = 4; lastKnownFileType = sourcecode.c.h; path = tracking_neighborlist_ap.h; sourceTree = "<group>"; };
		42AB3D7D1D9ED78E00E42AEF /* tridiagonal_solver.cpp */ = {isa = PBXFileReference; fileEncoding = 4; lastKnownFileType = sourcecode.cpp.cpp; path = tridiagonal_solver.cpp; sourceTree = "<group>"; };
		42AB3D7E1D9ED78E00E42AEF /* uberengine.cpp */ = {isa = PBXFileReference; fileEncoding = 4; lastKnownFileType = sourcecode.cpp.cpp; path = uberengine.cpp; sourceTree = "<group>"; };
		42AB3D7F1D9ED78E00E42AEF /* uberengine.h */ = {isa = PBXFileReference; fileEncoding = 4; lastKnownFileType = sourcecode.c.h; path = uberengine.h; sourceTree = "<group>"; };
		42AB3D801D9ED78E00E42AEF /* vector_algebra.cpp */ = {isa = PBXFileReference; fileEncoding = 4; lastKnownFileType = sourcecode.cpp.cpp; path = vector_algebra.cpp; sourceTree = "<group>"; };
		42AB3D811D9ED78E00E42AEF /* velocity_verlet.cpp */ = {isa = PBXFileReference; fileEncoding = 4; lastKnownFileType = sourcecode.cpp.cpp; path = velocity_verlet.cpp; sourceTree = "<group>"; };
		42AB3D821D9ED78E00E42AEF /* velocity_verlet.h */ = {isa = PBXFileReference; fileEncoding = 4; lastKnownFileType = sourcecode.c.h; path = velocity_verlet.h; sourceTree = "<group>"; };
		42AB3D831D9ED78E00E42AEF /* wca.h */ = {isa = PBXFileReference; fileEncoding = 4; lastKnownFileType = sourcecode.c.h; path = wca.h; sourceTree = "<group>"; };
		42AB3D841D9ED78E00E42AEF /* write_outputs.h */ = {isa = PBXFileReference; fileEncoding = 4; lastKnownFileType = sourcecode.c.h; path = write_outputs.h; sourceTree = "<group>"; };
		42AB3D851D9ED78E00E42AEF /* writebmp.cpp */ = {isa = PBXFileReference; fileEncoding = 4; lastKnownFileType = sourcecode.cpp.cpp; path = writebmp.cpp; sourceTree = "<group>"; };
		42AB3D861D9ED78E00E42AEF /* writebmp.h */ = {isa = PBXFileReference; fileEncoding = 4; lastKnownFileType = sourcecode.c.h; path = writebmp.h; sourceTree = "<group>"; };
		42AB3D871D9ED78E00E42AEF /* xlink.cpp */ = {isa = PBXFileReference; fileEncoding = 4; lastKnownFileType = sourcecode.cpp.cpp; path = xlink.cpp; sourceTree = "<group>"; };
		42AB3D881D9ED78E00E42AEF /* xlink.h */ = {isa = PBXFileReference; fileEncoding = 4; lastKnownFileType = sourcecode.c.h; path = xlink.h; sourceTree = "<group>"; };
		42AB3D891D9ED78E00E42AEF /* xlink_harmonic.cpp */ = {isa = PBXFileReference; fileEncoding = 4; lastKnownFileType = sourcecode.cpp.cpp; path = xlink_harmonic.cpp; sourceTree = "<group>"; };
		42AB3D8A1D9ED78E00E42AEF /* xlink_harmonic.h */ = {isa = PBXFileReference; fileEncoding = 4; lastKnownFileType = sourcecode.c.h; path = xlink_harmonic.h; sourceTree = "<group>"; };
		42AB3D8B1D9ED78E00E42AEF /* xlink_head.cpp */ = {isa = PBXFileReference; fileEncoding = 4; lastKnownFileType = sourcecode.cpp.cpp; path = xlink_head.cpp; sourceTree = "<group>"; };
		42AB3D8C1D9ED78E00E42AEF /* xlink_head.h */ = {isa = PBXFileReference; fileEncoding = 4; lastKnownFileType = sourcecode.c.h; path = xlink_head.h; sourceTree = "<group>"; };
		42AB3D8D1D9ED78E00E42AEF /* xlink_helpers.h */ = {isa = PBXFileReference; fileEncoding = 4; lastKnownFileType = sourcecode.c.h; path = xlink_helpers.h; sourceTree = "<group>"; };
		42AB3D8E1D9ED78E00E42AEF /* xlink_kmc.cpp */ = {isa = PBXFileReference; fileEncoding = 4; lastKnownFileType = sourcecode.cpp.cpp; path = xlink_kmc.cpp; sourceTree = "<group>"; };
		42AB3D8F1D9ED78E00E42AEF /* xlink_kmc.h */ = {isa = PBXFileReference; fileEncoding = 4; lastKnownFileType = sourcecode.c.h; path = xlink_kmc.h; sourceTree = "<group>"; };
		42AB3DC91D9EDB5600E42AEF /* libyaml-cpp.0.5.3.dylib */ = {isa = PBXFileReference; lastKnownFileType = "compiled.mach-o.dylib"; name = "libyaml-cpp.0.5.3.dylib"; path = "../../Lib/yaml-cpp/build/Release/libyaml-cpp.0.5.3.dylib"; sourceTree = "<group>"; };
		42AB3DCB1D9EDB6A00E42AEF /* OpenGL.framework */ = {isa = PBXFileReference; lastKnownFileType = wrapper.framework; name = OpenGL.framework; path = System/Library/Frameworks/OpenGL.framework; sourceTree = SDKROOT; };
		42AB3DCD1D9EDBEE00E42AEF /* libGLEW.2.0.0.dylib */ = {isa = PBXFileReference; lastKnownFileType = "compiled.mach-o.dylib"; name = libGLEW.2.0.0.dylib; path = ../../../../../usr/local/Cellar/glew/2.0.0/lib/libGLEW.2.0.0.dylib; sourceTree = "<group>"; };
		42AB3DCF1D9EDC1F00E42AEF /* libglfw3.3.2.dylib */ = {isa = PBXFileReference; lastKnownFileType = "compiled.mach-o.dylib"; name = libglfw3.3.2.dylib; path = ../../../../../usr/local/Cellar/glfw3/3.2.1/lib/libglfw3.3.2.dylib; sourceTree = "<group>"; };
		42AB3DD11D9EDC4A00E42AEF /* libgsl.19.dylib */ = {isa = PBXFileReference; lastKnownFileType = "compiled.mach-o.dylib"; name = libgsl.19.dylib; path = ../../../../../usr/local/Cellar/gsl/2.2.1/lib/libgsl.19.dylib; sourceTree = "<group>"; };
		42B658F91DB830860015A096 /* dynamic_instability_v2.cpp */ = {isa = PBXFileReference; fileEncoding = 4; lastKnownFileType = sourcecode.cpp.cpp; path = dynamic_instability_v2.cpp; sourceTree = "<group>"; };
		42B658FA1DB830860015A096 /* dynamic_instability_v2.h */ = {isa = PBXFileReference; fileEncoding = 4; lastKnownFileType = sourcecode.c.h; path = dynamic_instability_v2.h; sourceTree = "<group>"; };
		42B658FB1DB830860015A096 /* interaction_engine_v2.cpp */ = {isa = PBXFileReference; fileEncoding = 4; lastKnownFileType = sourcecode.cpp.cpp; path = interaction_engine_v2.cpp; sourceTree = "<group>"; };
		42B658FC1DB830860015A096 /* interaction_engine_v2.h */ = {isa = PBXFileReference; fileEncoding = 4; lastKnownFileType = sourcecode.c.h; path = interaction_engine_v2.h; sourceTree = "<group>"; };
		42B658FD1DB830860015A096 /* kmc_base_v2.h */ = {isa = PBXFileReference; fileEncoding = 4; lastKnownFileType = sourcecode.c.h; path = kmc_base_v2.h; sourceTree = "<group>"; };
		42B658FE1DB830860015A096 /* kmc_engine_v2.cpp */ = {isa = PBXFileReference; fileEncoding = 4; lastKnownFileType = sourcecode.cpp.cpp; path = kmc_engine_v2.cpp; sourceTree = "<group>"; };
		42B658FF1DB830860015A096 /* kmc_engine_v2.h */ = {isa = PBXFileReference; fileEncoding = 4; lastKnownFileType = sourcecode.c.h; path = kmc_engine_v2.h; sourceTree = "<group>"; };
		42B659001DB830860015A096 /* neighbor_list.h */ = {isa = PBXFileReference; fileEncoding = 4; lastKnownFileType = sourcecode.c.h; path = neighbor_list.h; sourceTree = "<group>"; };
		42B659011DB830860015A096 /* particle_engine.cpp */ = {isa = PBXFileReference; fileEncoding = 4; lastKnownFileType = sourcecode.cpp.cpp; path = particle_engine.cpp; sourceTree = "<group>"; };
		42B659021DB830860015A096 /* particle_engine.h */ = {isa = PBXFileReference; fileEncoding = 4; lastKnownFileType = sourcecode.c.h; path = particle_engine.h; sourceTree = "<group>"; };
		42B659031DB830860015A096 /* potential_manager_v2.cpp */ = {isa = PBXFileReference; fileEncoding = 4; lastKnownFileType = sourcecode.cpp.cpp; path = potential_manager_v2.cpp; sourceTree = "<group>"; };
		42B659041DB830860015A096 /* potential_manager_v2.h */ = {isa = PBXFileReference; fileEncoding = 4; lastKnownFileType = sourcecode.c.h; path = potential_manager_v2.h; sourceTree = "<group>"; };
		42B659051DB830860015A096 /* tracking_scheme_allpairs.cpp */ = {isa = PBXFileReference; fileEncoding = 4; lastKnownFileType = sourcecode.cpp.cpp; path = tracking_scheme_allpairs.cpp; sourceTree = "<group>"; };
		42B659061DB830860015A096 /* tracking_scheme_allpairs.h */ = {isa = PBXFileReference; fileEncoding = 4; lastKnownFileType = sourcecode.c.h; path = tracking_scheme_allpairs.h; sourceTree = "<group>"; };
		42B659071DB830860015A096 /* tracking_scheme_nlap.cpp */ = {isa = PBXFileReference; fileEncoding = 4; lastKnownFileType = sourcecode.cpp.cpp; path = tracking_scheme_nlap.cpp; sourceTree = "<group>"; };
		42B659081DB830860015A096 /* tracking_scheme_nlap.h */ = {isa = PBXFileReference; fileEncoding = 4; lastKnownFileType = sourcecode.c.h; path = tracking_scheme_nlap.h; sourceTree = "<group>"; };
		42B659091DB830860015A096 /* tracking_scheme.cpp */ = {isa = PBXFileReference; fileEncoding = 4; lastKnownFileType = sourcecode.cpp.cpp; path = tracking_scheme.cpp; sourceTree = "<group>"; };
		42B6590A1DB830860015A096 /* tracking_scheme.h */ = {isa = PBXFileReference; fileEncoding = 4; lastKnownFileType = sourcecode.c.h; path = tracking_scheme.h; sourceTree = "<group>"; };
		42B6590B1DB830860015A096 /* uberengine_v2.cpp */ = {isa = PBXFileReference; fileEncoding = 4; lastKnownFileType = sourcecode.cpp.cpp; path = uberengine_v2.cpp; sourceTree = "<group>"; };
		42B6590C1DB830860015A096 /* uberengine_v2.h */ = {isa = PBXFileReference; fileEncoding = 4; lastKnownFileType = sourcecode.c.h; path = uberengine_v2.h; sourceTree = "<group>"; };
		42B6590D1DB830860015A096 /* xlink_kmc_v2.cpp */ = {isa = PBXFileReference; fileEncoding = 4; lastKnownFileType = sourcecode.cpp.cpp; path = xlink_kmc_v2.cpp; sourceTree = "<group>"; };
		42B6590E1DB830860015A096 /* xlink_kmc_v2.h */ = {isa = PBXFileReference; fileEncoding = 4; lastKnownFileType = sourcecode.c.h; path = xlink_kmc_v2.h; sourceTree = "<group>"; };
/* End PBXFileReference section */

/* Begin PBXFrameworksBuildPhase section */
		42703DAB1D9ED72B00055D1C /* Frameworks */ = {
			isa = PBXFrameworksBuildPhase;
			buildActionMask = 2147483647;
			files = (
				42AB3DD21D9EDC4A00E42AEF /* libgsl.19.dylib in Frameworks */,
				42AB3DD01D9EDC1F00E42AEF /* libglfw3.3.2.dylib in Frameworks */,
				42AB3DCE1D9EDBEE00E42AEF /* libGLEW.2.0.0.dylib in Frameworks */,
				42AB3DCC1D9EDB6A00E42AEF /* OpenGL.framework in Frameworks */,
				42AB3DCA1D9EDB5600E42AEF /* libyaml-cpp.0.5.3.dylib in Frameworks */,
			);
			runOnlyForDeploymentPostprocessing = 0;
		};
/* End PBXFrameworksBuildPhase section */

/* Begin PBXGroup section */
		42703DA51D9ED72B00055D1C = {
			isa = PBXGroup;
			children = (
				42AB3CCC1D9ED78E00E42AEF /* frames */,
				42AB3CCD1D9ED78E00E42AEF /* params */,
				42AB3D041D9ED78E00E42AEF /* src */,
				42703DAF1D9ED72B00055D1C /* Products */,
				42AB3DC81D9EDB5600E42AEF /* Frameworks */,
			);
			sourceTree = "<group>";
		};
		42703DAF1D9ED72B00055D1C /* Products */ = {
			isa = PBXGroup;
			children = (
				42703DAE1D9ED72B00055D1C /* SimCOREXcode */,
			);
			name = Products;
			sourceTree = "<group>";
		};
		42AB3CCC1D9ED78E00E42AEF /* frames */ = {
			isa = PBXGroup;
			children = (
			);
			path = frames;
			sourceTree = "<group>";
		};
		42AB3CCD1D9ED78E00E42AEF /* params */ = {
			isa = PBXGroup;
			children = (
				42AB3CCE1D9ED78E00E42AEF /* 2d_spherocylinders.config.yaml */,
				42AB3CCF1D9ED78E00E42AEF /* 2d_spherocylinders.kmc.yaml */,
				42AB3CD01D9ED78E00E42AEF /* 2d_spherocylinders.pot.yaml */,
				42AB3CD11D9ED78E00E42AEF /* 2d_spherocylinders.yaml */,
				42AB3CD21D9ED78E00E42AEF /* argon.yaml */,
				42AB3CD31D9ED78E00E42AEF /* argon1024_nograph.yaml */,
				42AB3CD41D9ED78E00E42AEF /* argon256_nograph.yaml */,
				42AB3CD51D9ED78E00E42AEF /* argon4096_nograph.yaml */,
				42AB3CD61D9ED78E00E42AEF /* argon_kmc.yaml */,
				42AB3CD71D9ED78E00E42AEF /* argon_pot.yaml */,
				42AB3CD81D9ED78E00E42AEF /* bulk_simulation.config.yaml */,
				42AB3CD91D9ED78E00E42AEF /* bulk_simulation.kmc.yaml */,
				42AB3CDA1D9ED78E00E42AEF /* bulk_simulation.pot.yaml */,
				42AB3CDB1D9ED78E00E42AEF /* bulk_simulation.yaml */,
				42AB3CDC1D9ED78E00E42AEF /* filament_test.config.yaml */,
				42AB3CDD1D9ED78E00E42AEF /* filament_test.kmc.yaml */,
				42AB3CDE1D9ED78E00E42AEF /* filament_test.pot.yaml */,
				42AB3CDF1D9ED78E00E42AEF /* filament_test.yaml */,
				42AB3CE01D9ED78E00E42AEF /* hard_rods.config.yaml */,
				42AB3CE11D9ED78E00E42AEF /* hard_rods.kmc.yaml */,
				42AB3CE21D9ED78E00E42AEF /* hard_rods.pot.yaml */,
				42AB3CE31D9ED78E00E42AEF /* hard_rods.yaml */,
				42AB3CE41D9ED78E00E42AEF /* hard_spheres.config.yaml */,
				42AB3CE51D9ED78E00E42AEF /* hard_spheres.kmc.yaml */,
				42AB3CE61D9ED78E00E42AEF /* hard_spheres.pot.yaml */,
				42AB3CE71D9ED78E00E42AEF /* hard_spheres.yaml */,
				42AB3CE81D9ED78E00E42AEF /* spb_test.config.yaml */,
				42AB3CE91D9ED78E00E42AEF /* spb_test.kmc.yaml */,
				42AB3CEA1D9ED78E00E42AEF /* spb_test.pot.yaml */,
				42AB3CEB1D9ED78E00E42AEF /* spb_test.yaml */,
				42AB3CEC1D9ED78E00E42AEF /* spindle.config.yaml */,
				42AB3CED1D9ED78E00E42AEF /* spindle.kmc.yaml */,
				42AB3CEE1D9ED78E00E42AEF /* spindle.pot.yaml */,
				42AB3CEF1D9ED78E00E42AEF /* spindle.yaml */,
				42AB3CF01D9ED78E00E42AEF /* spindle_bak.config.yaml */,
				42AB3CF11D9ED78E00E42AEF /* spindle_bak.kmc.yaml */,
				42AB3CF21D9ED78E00E42AEF /* spindle_bak.pot.yaml */,
				42AB3CF31D9ED78E00E42AEF /* spindle_bak.yaml */,
				42AB3CF41D9ED78E00E42AEF /* spindle_facsimilie.config.yaml */,
				42AB3CF51D9ED78E00E42AEF /* spindle_facsimilie.kmc.yaml */,
				42AB3CF61D9ED78E00E42AEF /* spindle_facsimilie.pot.yaml */,
				42AB3CF71D9ED78E00E42AEF /* spindle_facsimilie.yaml */,
				42AB3CF81D9ED78E00E42AEF /* test_species_config.config.yaml */,
				42AB3CF91D9ED78E00E42AEF /* test_species_config.kmc.yaml */,
				42AB3CFA1D9ED78E00E42AEF /* test_species_config.pot.yaml */,
				42AB3CFB1D9ED78E00E42AEF /* test_species_config.yaml */,
				42AB3CFC1D9ED78E00E42AEF /* test_specific.config.yaml */,
				42AB3CFD1D9ED78E00E42AEF /* test_specific.kmc.yaml */,
				42AB3CFE1D9ED78E00E42AEF /* test_specific.pot.yaml */,
				42AB3CFF1D9ED78E00E42AEF /* test_specific.yaml */,
				42AB3D001D9ED78E00E42AEF /* tethering.config.yaml */,
				42AB3D011D9ED78E00E42AEF /* tethering.kmc.yaml */,
				42AB3D021D9ED78E00E42AEF /* tethering.pot.yaml */,
				42AB3D031D9ED78E00E42AEF /* tethering.yaml */,
			);
			path = params;
			sourceTree = "<group>";
		};
		42AB3D041D9ED78E00E42AEF /* src */ = {
			isa = PBXGroup;
			children = (
				42AB3D051D9ED78E00E42AEF /* allocate.cpp */,
				42AB3D061D9ED78E00E42AEF /* allocate.h */,
				42AB3D071D9ED78E00E42AEF /* anchor_list_generic.h */,
				42AB3D081D9ED78E00E42AEF /* argon.cpp */,
				42AB3D091D9ED78E00E42AEF /* argon.h */,
				42AB3D0A1D9ED78E00E42AEF /* auxiliary.h */,
				42AB3D0B1D9ED78E00E42AEF /* bead.h */,
				42AB3D0C1D9ED78E00E42AEF /* bond.cpp */,
				42AB3D0D1D9ED78E00E42AEF /* bond.h */,
				42AB3D101D9ED78E00E42AEF /* boundary_wca_tip.cpp */,
				42AB3D111D9ED78E00E42AEF /* boundary_wca_tip.h */,
				42AB3D0E1D9ED78E00E42AEF /* boundary_wca.cpp */,
				42AB3D0F1D9ED78E00E42AEF /* boundary_wca.h */,
				42AB3D121D9ED78E00E42AEF /* br_bead.cpp */,
				42AB3D131D9ED78E00E42AEF /* br_bead.h */,
				42AB3D141D9ED78E00E42AEF /* br_dimer.cpp */,
				42AB3D151D9ED78E00E42AEF /* br_dimer.h */,
				42AB3D161D9ED78E00E42AEF /* br_rod.cpp */,
				42AB3D171D9ED78E00E42AEF /* br_rod.h */,
				42AB3D181D9ED78E00E42AEF /* br_simple_rod.cpp */,
				42AB3D191D9ED78E00E42AEF /* br_simple_rod.h */,
				42AB3D1A1D9ED78E00E42AEF /* br_walker.cpp */,
				42AB3D1B1D9ED78E00E42AEF /* br_walker.h */,
				42AB3D1C1D9ED78E00E42AEF /* configure_simcore.cpp */,
				42AB3D1D1D9ED78E00E42AEF /* cpu.cpp */,
				42B658F91DB830860015A096 /* dynamic_instability_v2.cpp */,
				42B658FA1DB830860015A096 /* dynamic_instability_v2.h */,
				42AB3D1E1D9ED78E00E42AEF /* dynamic_instability.cpp */,
				42AB3D1F1D9ED78E00E42AEF /* dynamic_instability.h */,
				42AB3D201D9ED78E00E42AEF /* error_exit.cpp */,
				42AB3D211D9ED78E00E42AEF /* filament.cpp */,
				42AB3D221D9ED78E00E42AEF /* filament.h */,
				42AB3D231D9ED78E00E42AEF /* generate_random_unit_vector.cpp */,
				42AB3D241D9ED78E00E42AEF /* grabber.cpp */,
				42AB3D251D9ED78E00E42AEF /* graph.h */,
				42AB3D261D9ED78E00E42AEF /* graphics.cpp */,
				42AB3D271D9ED78E00E42AEF /* graphics.h */,
				42AB3D281D9ED78E00E42AEF /* harmonic.h */,
				42AB3D291D9ED78E00E42AEF /* helpers.h */,
				42AB3D2A1D9ED78E00E42AEF /* init_species.h */,
				42AB3D2C1D9ED78E00E42AEF /* integrator_manager.cpp */,
				42AB3D2D1D9ED78E00E42AEF /* integrator_manager.h */,
				42AB3D2B1D9ED78E00E42AEF /* integrator.h */,
				42B658FB1DB830860015A096 /* interaction_engine_v2.cpp */,
				42B658FC1DB830860015A096 /* interaction_engine_v2.h */,
				42AB3D2F1D9ED78E00E42AEF /* interaction_engine.cpp */,
				42AB3D301D9ED78E00E42AEF /* interaction_engine.h */,
				42AB3D2E1D9ED78E00E42AEF /* interaction.h */,
				42B658FD1DB830860015A096 /* kmc_base_v2.h */,
				42AB3D311D9ED78E00E42AEF /* kmc_base.h */,
				42B658FE1DB830860015A096 /* kmc_engine_v2.cpp */,
				42B658FF1DB830860015A096 /* kmc_engine_v2.h */,
				42AB3D321D9ED78E00E42AEF /* kmc_engine.cpp */,
				42AB3D331D9ED78E00E42AEF /* kmc_engine.h */,
				42AB3D341D9ED78E00E42AEF /* lennard_jones_12_6.h */,
				42AB3D351D9ED78E00E42AEF /* lookup_table.cpp */,
				42AB3D361D9ED78E00E42AEF /* lookup_table.h */,
				42AB3D371D9ED78E00E42AEF /* macros.h */,
				42AB3D381D9ED78E00E42AEF /* make_params.cpp */,
				42AB3D391D9ED78E00E42AEF /* master_params.yaml */,
				42AB3D3C1D9ED78E00E42AEF /* md_bead_opt.cpp */,
				42AB3D3D1D9ED78E00E42AEF /* md_bead_opt.h */,
				42AB3D3A1D9ED78E00E42AEF /* md_bead.cpp */,
				42AB3D3B1D9ED78E00E42AEF /* md_bead.h */,
				42AB3D3E1D9ED78E00E42AEF /* md_kmc_bead.cpp */,
				42AB3D3F1D9ED78E00E42AEF /* md_kmc_bead.h */,
				42AB3D401D9ED78E00E42AEF /* minimum_distance.cpp */,
				42AB3D411D9ED78E00E42AEF /* minimum_distance.h */,
				42AB3D421D9ED78E00E42AEF /* neighbor_list_generic.h */,
				42B659001DB830860015A096 /* neighbor_list.h */,
				42AB3D431D9ED78E00E42AEF /* neon.cpp */,
				42AB3D441D9ED78E00E42AEF /* neon.h */,
				42AB3D471D9ED78E00E42AEF /* object_old.h */,
				42AB3D451D9ED78E00E42AEF /* object.cpp */,
				42AB3D461D9ED78E00E42AEF /* object.h */,
				42AB3D481D9ED78E00E42AEF /* objects.h */,
				42AB3D491D9ED78E00E42AEF /* objects.h.orig */,
				42AB3D4A1D9ED78E00E42AEF /* output_manager.cpp */,
				42AB3D4B1D9ED78E00E42AEF /* output_manager.h */,
				42AB3D4C1D9ED78E00E42AEF /* parameters.h */,
				42AB3D4D1D9ED78E00E42AEF /* parse_flags.h */,
				42AB3D4E1D9ED78E00E42AEF /* parse_params_body.h */,
				42B659011DB830860015A096 /* particle_engine.cpp */,
				42B659021DB830860015A096 /* particle_engine.h */,
				42AB3D511D9ED78E00E42AEF /* particle_md_system.h */,
				42AB3D501D9ED78E00E42AEF /* particle_md.h */,
				42AB3D521D9ED78E00E42AEF /* particle_tracking.cpp */,
				42AB3D531D9ED78E00E42AEF /* particle_tracking.h */,
				42AB3D4F1D9ED78E00E42AEF /* particle.h */,
				42AB3D541D9ED78E00E42AEF /* potential_base.h */,
				42B659031DB830860015A096 /* potential_manager_v2.cpp */,
				42B659041DB830860015A096 /* potential_manager_v2.h */,
				42AB3D551D9ED78E00E42AEF /* potential_manager.cpp */,
				42AB3D561D9ED78E00E42AEF /* potential_manager.h */,
				42AB3D571D9ED78E00E42AEF /* print_params_body.h */,
				42AB3D581D9ED78E00E42AEF /* simcore_main.cpp */,
				42AB3D5C1D9ED78E00E42AEF /* simulation_manager.cpp */,
				42AB3D5D1D9ED78E00E42AEF /* simulation_manager.h */,
				42AB3D591D9ED78E00E42AEF /* simulation.cpp */,
				42AB3D5A1D9ED78E00E42AEF /* simulation.cpp.bak */,
				42AB3D5B1D9ED78E00E42AEF /* simulation.h */,
				42AB3D5E1D9ED78E00E42AEF /* site.cpp */,
				42AB3D5F1D9ED78E00E42AEF /* site.h */,
				42AB3D601D9ED78E00E42AEF /* space.cpp */,
				42AB3D611D9ED78E00E42AEF /* space.h */,
				42AB3D621D9ED78E00E42AEF /* species.h */,
				42AB3D631D9ED78E00E42AEF /* sphere_line_well.h */,
				42AB3D641D9ED78E00E42AEF /* sphere_square_well.h */,
				42AB3D651D9ED78E00E42AEF /* sphero_overlap.cpp */,
				42AB3D661D9ED78E00E42AEF /* sphero_overlap.h */,
				42AB3D671D9ED78E00E42AEF /* spindle_pole_body.cpp */,
				42AB3D681D9ED78E00E42AEF /* spindle_pole_body.h */,
				42AB3D691D9ED78E00E42AEF /* test_helpers.h */,
				42AB3D6A1D9ED78E00E42AEF /* test_interaction_engine.cpp */,
				42AB3D6B1D9ED78E00E42AEF /* test_interaction_engine.h */,
				42AB3D6C1D9ED78E00E42AEF /* test_lookup_table.cpp */,
				42AB3D6D1D9ED78E00E42AEF /* test_lookup_table.h */,
				42AB3D6E1D9ED78E00E42AEF /* test_manager.cpp */,
				42AB3D6F1D9ED78E00E42AEF /* test_manager.h */,
				42AB3D701D9ED78E00E42AEF /* test_module_base.h */,
				42AB3D711D9ED78E00E42AEF /* test_potential.h */,
				42AB3D741D9ED78E00E42AEF /* test_xlink_kmc_moves.cpp */,
				42AB3D751D9ED78E00E42AEF /* test_xlink_kmc_moves.h */,
				42AB3D721D9ED78E00E42AEF /* test_xlink_kmc.cpp */,
				42AB3D731D9ED78E00E42AEF /* test_xlink_kmc.h */,
				42AB3D761D9ED78E00E42AEF /* timetester.h */,
				42AB3D771D9ED78E00E42AEF /* tracking_allpairs.cpp */,
				42AB3D781D9ED78E00E42AEF /* tracking_allpairs.h */,
				42AB3D791D9ED78E00E42AEF /* tracking_base.cpp */,
				42AB3D7A1D9ED78E00E42AEF /* tracking_base.h */,
				42AB3D7B1D9ED78E00E42AEF /* tracking_neighborlist_ap.cpp */,
				42AB3D7C1D9ED78E00E42AEF /* tracking_neighborlist_ap.h */,
				42B659051DB830860015A096 /* tracking_scheme_allpairs.cpp */,
				42B659061DB830860015A096 /* tracking_scheme_allpairs.h */,
				42B659071DB830860015A096 /* tracking_scheme_nlap.cpp */,
				42B659081DB830860015A096 /* tracking_scheme_nlap.h */,
				42B659091DB830860015A096 /* tracking_scheme.cpp */,
				42B6590A1DB830860015A096 /* tracking_scheme.h */,
				42AB3D7D1D9ED78E00E42AEF /* tridiagonal_solver.cpp */,
				42B6590B1DB830860015A096 /* uberengine_v2.cpp */,
				42B6590C1DB830860015A096 /* uberengine_v2.h */,
				42AB3D7E1D9ED78E00E42AEF /* uberengine.cpp */,
				42AB3D7F1D9ED78E00E42AEF /* uberengine.h */,
				42AB3D801D9ED78E00E42AEF /* vector_algebra.cpp */,
				42AB3D811D9ED78E00E42AEF /* velocity_verlet.cpp */,
				42AB3D821D9ED78E00E42AEF /* velocity_verlet.h */,
				42AB3D831D9ED78E00E42AEF /* wca.h */,
				42AB3D841D9ED78E00E42AEF /* write_outputs.h */,
				42AB3D851D9ED78E00E42AEF /* writebmp.cpp */,
				42AB3D861D9ED78E00E42AEF /* writebmp.h */,
				42AB3D891D9ED78E00E42AEF /* xlink_harmonic.cpp */,
				42AB3D8A1D9ED78E00E42AEF /* xlink_harmonic.h */,
				42AB3D8B1D9ED78E00E42AEF /* xlink_head.cpp */,
				42AB3D8C1D9ED78E00E42AEF /* xlink_head.h */,
				42AB3D8D1D9ED78E00E42AEF /* xlink_helpers.h */,
				42B6590D1DB830860015A096 /* xlink_kmc_v2.cpp */,
				42B6590E1DB830860015A096 /* xlink_kmc_v2.h */,
				42AB3D8E1D9ED78E00E42AEF /* xlink_kmc.cpp */,
				42AB3D8F1D9ED78E00E42AEF /* xlink_kmc.h */,
				42AB3D871D9ED78E00E42AEF /* xlink.cpp */,
				42AB3D881D9ED78E00E42AEF /* xlink.h */,
			);
			path = src;
			sourceTree = "<group>";
		};
		42AB3DC81D9EDB5600E42AEF /* Frameworks */ = {
			isa = PBXGroup;
			children = (
				42AB3DD11D9EDC4A00E42AEF /* libgsl.19.dylib */,
				42AB3DCF1D9EDC1F00E42AEF /* libglfw3.3.2.dylib */,
				42AB3DCD1D9EDBEE00E42AEF /* libGLEW.2.0.0.dylib */,
				42AB3DCB1D9EDB6A00E42AEF /* OpenGL.framework */,
				42AB3DC91D9EDB5600E42AEF /* libyaml-cpp.0.5.3.dylib */,
			);
			name = Frameworks;
			sourceTree = "<group>";
		};
/* End PBXGroup section */

/* Begin PBXNativeTarget section */
		42703DAD1D9ED72B00055D1C /* SimCOREXcode */ = {
			isa = PBXNativeTarget;
			buildConfigurationList = 42703DB51D9ED72B00055D1C /* Build configuration list for PBXNativeTarget "SimCOREXcode" */;
			buildPhases = (
				42703DAA1D9ED72B00055D1C /* Sources */,
				42703DAB1D9ED72B00055D1C /* Frameworks */,
				42703DAC1D9ED72B00055D1C /* CopyFiles */,
			);
			buildRules = (
			);
			dependencies = (
			);
			name = SimCOREXcode;
			productName = SimCOREXcode;
			productReference = 42703DAE1D9ED72B00055D1C /* SimCOREXcode */;
			productType = "com.apple.product-type.tool";
		};
/* End PBXNativeTarget section */

/* Begin PBXProject section */
		42703DA61D9ED72B00055D1C /* Project object */ = {
			isa = PBXProject;
			attributes = {
				LastUpgradeCheck = 0800;
				ORGANIZATIONNAME = "Christopher Edelmaier";
				TargetAttributes = {
					42703DAD1D9ED72B00055D1C = {
						CreatedOnToolsVersion = 8.0;
						ProvisioningStyle = Automatic;
					};
				};
			};
			buildConfigurationList = 42703DA91D9ED72B00055D1C /* Build configuration list for PBXProject "SimCOREXcode" */;
			compatibilityVersion = "Xcode 3.2";
			developmentRegion = English;
			hasScannedForEncodings = 0;
			knownRegions = (
				en,
			);
			mainGroup = 42703DA51D9ED72B00055D1C;
			productRefGroup = 42703DAF1D9ED72B00055D1C /* Products */;
			projectDirPath = "";
			projectRoot = "";
			targets = (
				42703DAD1D9ED72B00055D1C /* SimCOREXcode */,
			);
		};
/* End PBXProject section */

/* Begin PBXSourcesBuildPhase section */
		42703DAA1D9ED72B00055D1C /* Sources */ = {
			isa = PBXSourcesBuildPhase;
			buildActionMask = 2147483647;
			files = (
				42B6590F1DB830860015A096 /* dynamic_instability_v2.cpp in Sources */,
				42B659171DB830860015A096 /* uberengine_v2.cpp in Sources */,
				42B659181DB830860015A096 /* xlink_kmc_v2.cpp in Sources */,
				42AB3DA51D9ED78F00E42AEF /* lookup_table.cpp in Sources */,
				42AB3D9B1D9ED78F00E42AEF /* cpu.cpp in Sources */,
				42AB3DB31D9ED78F00E42AEF /* site.cpp in Sources */,
				42AB3DC21D9ED78F00E42AEF /* velocity_verlet.cpp in Sources */,
				42AB3D9C1D9ED78F00E42AEF /* dynamic_instability.cpp in Sources */,
				42AB3D901D9ED78E00E42AEF /* allocate.cpp in Sources */,
				42AB3DA81D9ED78F00E42AEF /* md_bead_opt.cpp in Sources */,
				42AB3DA01D9ED78F00E42AEF /* grabber.cpp in Sources */,
				42AB3DB11D9ED78F00E42AEF /* simulation.cpp in Sources */,
				42AB3DBC1D9ED78F00E42AEF /* tracking_allpairs.cpp in Sources */,
				42AB3DC61D9ED78F00E42AEF /* xlink_head.cpp in Sources */,
				42AB3DB01D9ED78F00E42AEF /* simcore_main.cpp in Sources */,
				42AB3DC71D9ED78F00E42AEF /* xlink_kmc.cpp in Sources */,
				42AB3DB41D9ED78F00E42AEF /* space.cpp in Sources */,
				42AB3DBE1D9ED78F00E42AEF /* tracking_neighborlist_ap.cpp in Sources */,
				42AB3DB61D9ED78F00E42AEF /* spindle_pole_body.cpp in Sources */,
				42AB3DBB1D9ED78F00E42AEF /* test_xlink_kmc_moves.cpp in Sources */,
				42B659151DB830860015A096 /* tracking_scheme_nlap.cpp in Sources */,
				42AB3D911D9ED78E00E42AEF /* argon.cpp in Sources */,
				42AB3DAB1D9ED78F00E42AEF /* neon.cpp in Sources */,
				42AB3DA71D9ED78F00E42AEF /* md_bead.cpp in Sources */,
				42AB3D981D9ED78F00E42AEF /* br_simple_rod.cpp in Sources */,
				42AB3D9E1D9ED78F00E42AEF /* filament.cpp in Sources */,
				42AB3D991D9ED78F00E42AEF /* br_walker.cpp in Sources */,
				42B659131DB830860015A096 /* potential_manager_v2.cpp in Sources */,
				42AB3DC51D9ED78F00E42AEF /* xlink_harmonic.cpp in Sources */,
				42AB3DAD1D9ED78F00E42AEF /* output_manager.cpp in Sources */,
				42AB3D921D9ED78E00E42AEF /* bond.cpp in Sources */,
				42AB3DBA1D9ED78F00E42AEF /* test_xlink_kmc.cpp in Sources */,
				42B659101DB830860015A096 /* interaction_engine_v2.cpp in Sources */,
				42B659121DB830860015A096 /* particle_engine.cpp in Sources */,
				42AB3DAF1D9ED78F00E42AEF /* potential_manager.cpp in Sources */,
				42AB3DB81D9ED78F00E42AEF /* test_lookup_table.cpp in Sources */,
				42AB3DAC1D9ED78F00E42AEF /* object.cpp in Sources */,
				42AB3DA41D9ED78F00E42AEF /* kmc_engine.cpp in Sources */,
				42B659111DB830860015A096 /* kmc_engine_v2.cpp in Sources */,
				42AB3DAA1D9ED78F00E42AEF /* minimum_distance.cpp in Sources */,
				42AB3DC31D9ED78F00E42AEF /* writebmp.cpp in Sources */,
				42AB3D971D9ED78F00E42AEF /* br_rod.cpp in Sources */,
				42AB3DC41D9ED78F00E42AEF /* xlink.cpp in Sources */,
				42AB3D931D9ED78E00E42AEF /* boundary_wca.cpp in Sources */,
				42AB3DA31D9ED78F00E42AEF /* interaction_engine.cpp in Sources */,
				42AB3DC11D9ED78F00E42AEF /* vector_algebra.cpp in Sources */,
				42B659141DB830860015A096 /* tracking_scheme_allpairs.cpp in Sources */,
				42AB3DA91D9ED78F00E42AEF /* md_kmc_bead.cpp in Sources */,
				42AB3DB91D9ED78F00E42AEF /* test_manager.cpp in Sources */,
				42AB3DB21D9ED78F00E42AEF /* simulation_manager.cpp in Sources */,
				42AB3D9D1D9ED78F00E42AEF /* error_exit.cpp in Sources */,
				42AB3DB71D9ED78F00E42AEF /* test_interaction_engine.cpp in Sources */,
				42AB3D9F1D9ED78F00E42AEF /* generate_random_unit_vector.cpp in Sources */,
				42B659161DB830860015A096 /* tracking_scheme.cpp in Sources */,
				42AB3DAE1D9ED78F00E42AEF /* particle_tracking.cpp in Sources */,
				42AB3DA11D9ED78F00E42AEF /* graphics.cpp in Sources */,
				42AB3D941D9ED78E00E42AEF /* boundary_wca_tip.cpp in Sources */,
				42AB3D951D9ED78E00E42AEF /* br_bead.cpp in Sources */,
				42AB3DBD1D9ED78F00E42AEF /* tracking_base.cpp in Sources */,
				42AB3DB51D9ED78F00E42AEF /* sphero_overlap.cpp in Sources */,
				42AB3D961D9ED78F00E42AEF /* br_dimer.cpp in Sources */,
				42AB3DC01D9ED78F00E42AEF /* uberengine.cpp in Sources */,
				42AB3DBF1D9ED78F00E42AEF /* tridiagonal_solver.cpp in Sources */,
			);
			runOnlyForDeploymentPostprocessing = 0;
		};
/* End PBXSourcesBuildPhase section */

/* Begin XCBuildConfiguration section */
		42703DB31D9ED72B00055D1C /* Debug */ = {
			isa = XCBuildConfiguration;
			buildSettings = {
				ALWAYS_SEARCH_USER_PATHS = NO;
				CLANG_ANALYZER_NONNULL = YES;
				CLANG_CXX_LANGUAGE_STANDARD = "gnu++0x";
				CLANG_CXX_LIBRARY = "libc++";
				CLANG_ENABLE_MODULES = YES;
				CLANG_ENABLE_OBJC_ARC = YES;
				CLANG_WARN_BOOL_CONVERSION = YES;
				CLANG_WARN_CONSTANT_CONVERSION = YES;
				CLANG_WARN_DIRECT_OBJC_ISA_USAGE = YES_ERROR;
				CLANG_WARN_DOCUMENTATION_COMMENTS = YES;
				CLANG_WARN_EMPTY_BODY = YES;
				CLANG_WARN_ENUM_CONVERSION = YES;
				CLANG_WARN_INFINITE_RECURSION = YES;
				CLANG_WARN_INT_CONVERSION = YES;
				CLANG_WARN_OBJC_ROOT_CLASS = YES_ERROR;
				CLANG_WARN_SUSPICIOUS_MOVES = YES;
				CLANG_WARN_UNREACHABLE_CODE = YES;
				CLANG_WARN__DUPLICATE_METHOD_MATCH = YES;
				CODE_SIGN_IDENTITY = "-";
				COPY_PHASE_STRIP = NO;
				DEBUG_INFORMATION_FORMAT = dwarf;
				ENABLE_STRICT_OBJC_MSGSEND = YES;
				ENABLE_TESTABILITY = YES;
				GCC_C_LANGUAGE_STANDARD = gnu99;
				GCC_DYNAMIC_NO_PIC = NO;
				GCC_NO_COMMON_BLOCKS = YES;
				GCC_OPTIMIZATION_LEVEL = 0;
				GCC_PREPROCESSOR_DEFINITIONS = (
					"DEBUG=1",
					"$(inherited)",
				);
				GCC_WARN_64_TO_32_BIT_CONVERSION = YES;
				GCC_WARN_ABOUT_RETURN_TYPE = YES_ERROR;
				GCC_WARN_UNDECLARED_SELECTOR = YES;
				GCC_WARN_UNINITIALIZED_AUTOS = YES_AGGRESSIVE;
				GCC_WARN_UNUSED_FUNCTION = YES;
				GCC_WARN_UNUSED_VARIABLE = YES;
				MACOSX_DEPLOYMENT_TARGET = 10.11;
				MTL_ENABLE_DEBUG_INFO = YES;
				ONLY_ACTIVE_ARCH = YES;
				SDKROOT = macosx;
			};
			name = Debug;
		};
		42703DB41D9ED72B00055D1C /* Release */ = {
			isa = XCBuildConfiguration;
			buildSettings = {
				ALWAYS_SEARCH_USER_PATHS = NO;
				CLANG_ANALYZER_NONNULL = YES;
				CLANG_CXX_LANGUAGE_STANDARD = "gnu++0x";
				CLANG_CXX_LIBRARY = "libc++";
				CLANG_ENABLE_MODULES = YES;
				CLANG_ENABLE_OBJC_ARC = YES;
				CLANG_WARN_BOOL_CONVERSION = YES;
				CLANG_WARN_CONSTANT_CONVERSION = YES;
				CLANG_WARN_DIRECT_OBJC_ISA_USAGE = YES_ERROR;
				CLANG_WARN_DOCUMENTATION_COMMENTS = YES;
				CLANG_WARN_EMPTY_BODY = YES;
				CLANG_WARN_ENUM_CONVERSION = YES;
				CLANG_WARN_INFINITE_RECURSION = YES;
				CLANG_WARN_INT_CONVERSION = YES;
				CLANG_WARN_OBJC_ROOT_CLASS = YES_ERROR;
				CLANG_WARN_SUSPICIOUS_MOVES = YES;
				CLANG_WARN_UNREACHABLE_CODE = YES;
				CLANG_WARN__DUPLICATE_METHOD_MATCH = YES;
				CODE_SIGN_IDENTITY = "-";
				COPY_PHASE_STRIP = NO;
				DEBUG_INFORMATION_FORMAT = "dwarf-with-dsym";
				ENABLE_NS_ASSERTIONS = NO;
				ENABLE_STRICT_OBJC_MSGSEND = YES;
				GCC_C_LANGUAGE_STANDARD = gnu99;
				GCC_NO_COMMON_BLOCKS = YES;
				GCC_WARN_64_TO_32_BIT_CONVERSION = YES;
				GCC_WARN_ABOUT_RETURN_TYPE = YES_ERROR;
				GCC_WARN_UNDECLARED_SELECTOR = YES;
				GCC_WARN_UNINITIALIZED_AUTOS = YES_AGGRESSIVE;
				GCC_WARN_UNUSED_FUNCTION = YES;
				GCC_WARN_UNUSED_VARIABLE = YES;
				MACOSX_DEPLOYMENT_TARGET = 10.11;
				MTL_ENABLE_DEBUG_INFO = NO;
				SDKROOT = macosx;
			};
			name = Release;
		};
		42703DB61D9ED72B00055D1C /* Debug */ = {
			isa = XCBuildConfiguration;
			buildSettings = {
				HEADER_SEARCH_PATHS = (
					/usr/local/include,
					/usr/local/include/gsl,
					"/Users/cedelmaier/Projects/Lib/yaml-cpp/include",
				);
				LIBRARY_SEARCH_PATHS = (
					"/Users/cedelmaier/Projects/Lib/yaml-cpp/build/Release",
					/usr/local/Cellar/glew/2.0.0/lib,
					/usr/local/Cellar/glfw3/3.2.1/lib,
					/usr/local/Cellar/gsl/2.2.1/lib,
				);
				PRODUCT_NAME = "$(TARGET_NAME)";
			};
			name = Debug;
		};
		42703DB71D9ED72B00055D1C /* Release */ = {
			isa = XCBuildConfiguration;
			buildSettings = {
				HEADER_SEARCH_PATHS = (
					/usr/local/include,
					/usr/local/include/gsl,
					"/Users/cedelmaier/Projects/Lib/yaml-cpp/include",
				);
				LIBRARY_SEARCH_PATHS = (
					"/Users/cedelmaier/Projects/Lib/yaml-cpp/build/Release",
					/usr/local/Cellar/glew/2.0.0/lib,
					/usr/local/Cellar/glfw3/3.2.1/lib,
					/usr/local/Cellar/gsl/2.2.1/lib,
				);
				PRODUCT_NAME = "$(TARGET_NAME)";
			};
			name = Release;
		};
/* End XCBuildConfiguration section */

/* Begin XCConfigurationList section */
		42703DA91D9ED72B00055D1C /* Build configuration list for PBXProject "SimCOREXcode" */ = {
			isa = XCConfigurationList;
			buildConfigurations = (
				42703DB31D9ED72B00055D1C /* Debug */,
				42703DB41D9ED72B00055D1C /* Release */,
			);
			defaultConfigurationIsVisible = 0;
			defaultConfigurationName = Release;
		};
		42703DB51D9ED72B00055D1C /* Build configuration list for PBXNativeTarget "SimCOREXcode" */ = {
			isa = XCConfigurationList;
			buildConfigurations = (
				42703DB61D9ED72B00055D1C /* Debug */,
				42703DB71D9ED72B00055D1C /* Release */,
			);
			defaultConfigurationIsVisible = 0;
			defaultConfigurationName = Release;
		};
/* End XCConfigurationList section */
	};
	rootObject = 42703DA61D9ED72B00055D1C /* Project object */;
}
